// !$*UTF8*$!
{
	archiveVersion = 1;
	classes = {
	};
	objectVersion = 55;
	objects = {

/* Begin PBXBuildFile section */
		EA7CD38E27252AC200347998 /* AppDelegate.swift in Sources */ = {isa = PBXBuildFile; fileRef = EA7CD38D27252AC200347998 /* AppDelegate.swift */; };
		EA7CD39027252AC200347998 /* SceneDelegate.swift in Sources */ = {isa = PBXBuildFile; fileRef = EA7CD38F27252AC200347998 /* SceneDelegate.swift */; };
		EA7CD39227252AC200347998 /* ViewController.swift in Sources */ = {isa = PBXBuildFile; fileRef = EA7CD39127252AC200347998 /* ViewController.swift */; };
		EA7CD39527252AC200347998 /* Main.storyboard in Resources */ = {isa = PBXBuildFile; fileRef = EA7CD39327252AC200347998 /* Main.storyboard */; };
		EA7CD39727252AC500347998 /* Assets.xcassets in Resources */ = {isa = PBXBuildFile; fileRef = EA7CD39627252AC500347998 /* Assets.xcassets */; };
		EA7CD39A27252AC500347998 /* LaunchScreen.storyboard in Resources */ = {isa = PBXBuildFile; fileRef = EA7CD39827252AC500347998 /* LaunchScreen.storyboard */; };
		EA7CD3A527252AC500347998 /* DAHMAJABER_12Tests.swift in Sources */ = {isa = PBXBuildFile; fileRef = EA7CD3A427252AC500347998 /* DAHMAJABER_12Tests.swift */; };
		EA7CD3AF27252AC500347998 /* DAHMAJABER_12UITests.swift in Sources */ = {isa = PBXBuildFile; fileRef = EA7CD3AE27252AC500347998 /* DAHMAJABER_12UITests.swift */; };
		EA7CD3B127252AC500347998 /* DAHMAJABER_12UITestsLaunchTests.swift in Sources */ = {isa = PBXBuildFile; fileRef = EA7CD3B027252AC500347998 /* DAHMAJABER_12UITestsLaunchTests.swift */; };
/* End PBXBuildFile section */

/* Begin PBXContainerItemProxy section */
		EA7CD3A127252AC500347998 /* PBXContainerItemProxy */ = {
			isa = PBXContainerItemProxy;
			containerPortal = EA7CD38227252AC200347998 /* Project object */;
			proxyType = 1;
			remoteGlobalIDString = EA7CD38927252AC200347998;
			remoteInfo = "DAHMAJABER-12";
		};
		EA7CD3AB27252AC500347998 /* PBXContainerItemProxy */ = {
			isa = PBXContainerItemProxy;
			containerPortal = EA7CD38227252AC200347998 /* Project object */;
			proxyType = 1;
			remoteGlobalIDString = EA7CD38927252AC200347998;
			remoteInfo = "DAHMAJABER-12";
		};
/* End PBXContainerItemProxy section */

/* Begin PBXFileReference section */
		EA7CD38A27252AC200347998 /* DAHMAJABER-12.app */ = {isa = PBXFileReference; explicitFileType = wrapper.application; includeInIndex = 0; path = "DAHMAJABER-12.app"; sourceTree = BUILT_PRODUCTS_DIR; };
		EA7CD38D27252AC200347998 /* AppDelegate.swift */ = {isa = PBXFileReference; lastKnownFileType = sourcecode.swift; path = AppDelegate.swift; sourceTree = "<group>"; };
		EA7CD38F27252AC200347998 /* SceneDelegate.swift */ = {isa = PBXFileReference; lastKnownFileType = sourcecode.swift; path = SceneDelegate.swift; sourceTree = "<group>"; };
		EA7CD39127252AC200347998 /* ViewController.swift */ = {isa = PBXFileReference; lastKnownFileType = sourcecode.swift; path = ViewController.swift; sourceTree = "<group>"; };
		EA7CD39427252AC200347998 /* Base */ = {isa = PBXFileReference; lastKnownFileType = file.storyboard; name = Base; path = Base.lproj/Main.storyboard; sourceTree = "<group>"; };
		EA7CD39627252AC500347998 /* Assets.xcassets */ = {isa = PBXFileReference; lastKnownFileType = folder.assetcatalog; path = Assets.xcassets; sourceTree = "<group>"; };
		EA7CD39927252AC500347998 /* Base */ = {isa = PBXFileReference; lastKnownFileType = file.storyboard; name = Base; path = Base.lproj/LaunchScreen.storyboard; sourceTree = "<group>"; };
		EA7CD39B27252AC500347998 /* Info.plist */ = {isa = PBXFileReference; lastKnownFileType = text.plist.xml; path = Info.plist; sourceTree = "<group>"; };
		EA7CD3A027252AC500347998 /* DAHMAJABER-12Tests.xctest */ = {isa = PBXFileReference; explicitFileType = wrapper.cfbundle; includeInIndex = 0; path = "DAHMAJABER-12Tests.xctest"; sourceTree = BUILT_PRODUCTS_DIR; };
		EA7CD3A427252AC500347998 /* DAHMAJABER_12Tests.swift */ = {isa = PBXFileReference; lastKnownFileType = sourcecode.swift; path = DAHMAJABER_12Tests.swift; sourceTree = "<group>"; };
		EA7CD3AA27252AC500347998 /* DAHMAJABER-12UITests.xctest */ = {isa = PBXFileReference; explicitFileType = wrapper.cfbundle; includeInIndex = 0; path = "DAHMAJABER-12UITests.xctest"; sourceTree = BUILT_PRODUCTS_DIR; };
		EA7CD3AE27252AC500347998 /* DAHMAJABER_12UITests.swift */ = {isa = PBXFileReference; lastKnownFileType = sourcecode.swift; path = DAHMAJABER_12UITests.swift; sourceTree = "<group>"; };
		EA7CD3B027252AC500347998 /* DAHMAJABER_12UITestsLaunchTests.swift */ = {isa = PBXFileReference; lastKnownFileType = sourcecode.swift; path = DAHMAJABER_12UITestsLaunchTests.swift; sourceTree = "<group>"; };
/* End PBXFileReference section */

/* Begin PBXFrameworksBuildPhase section */
		EA7CD38727252AC200347998 /* Frameworks */ = {
			isa = PBXFrameworksBuildPhase;
			buildActionMask = 2147483647;
			files = (
			);
			runOnlyForDeploymentPostprocessing = 0;
		};
		EA7CD39D27252AC500347998 /* Frameworks */ = {
			isa = PBXFrameworksBuildPhase;
			buildActionMask = 2147483647;
			files = (
			);
			runOnlyForDeploymentPostprocessing = 0;
		};
		EA7CD3A727252AC500347998 /* Frameworks */ = {
			isa = PBXFrameworksBuildPhase;
			buildActionMask = 2147483647;
			files = (
			);
			runOnlyForDeploymentPostprocessing = 0;
		};
/* End PBXFrameworksBuildPhase section */

/* Begin PBXGroup section */
		EA7CD38127252AC200347998 = {
			isa = PBXGroup;
			children = (
				EA7CD38C27252AC200347998 /* DAHMAJABER-12 */,
				EA7CD3A327252AC500347998 /* DAHMAJABER-12Tests */,
				EA7CD3AD27252AC500347998 /* DAHMAJABER-12UITests */,
				EA7CD38B27252AC200347998 /* Products */,
			);
			sourceTree = "<group>";
		};
		EA7CD38B27252AC200347998 /* Products */ = {
			isa = PBXGroup;
			children = (
				EA7CD38A27252AC200347998 /* DAHMAJABER-12.app */,
				EA7CD3A027252AC500347998 /* DAHMAJABER-12Tests.xctest */,
				EA7CD3AA27252AC500347998 /* DAHMAJABER-12UITests.xctest */,
			);
			name = Products;
			sourceTree = "<group>";
		};
		EA7CD38C27252AC200347998 /* DAHMAJABER-12 */ = {
			isa = PBXGroup;
			children = (
				EA7CD38D27252AC200347998 /* AppDelegate.swift */,
				EA7CD38F27252AC200347998 /* SceneDelegate.swift */,
				EA7CD39127252AC200347998 /* ViewController.swift */,
				EA7CD39327252AC200347998 /* Main.storyboard */,
				EA7CD39627252AC500347998 /* Assets.xcassets */,
				EA7CD39827252AC500347998 /* LaunchScreen.storyboard */,
				EA7CD39B27252AC500347998 /* Info.plist */,
			);
			path = "DAHMAJABER-12";
			sourceTree = "<group>";
		};
		EA7CD3A327252AC500347998 /* DAHMAJABER-12Tests */ = {
			isa = PBXGroup;
			children = (
				EA7CD3A427252AC500347998 /* DAHMAJABER_12Tests.swift */,
			);
			path = "DAHMAJABER-12Tests";
			sourceTree = "<group>";
		};
		EA7CD3AD27252AC500347998 /* DAHMAJABER-12UITests */ = {
			isa = PBXGroup;
			children = (
				EA7CD3AE27252AC500347998 /* DAHMAJABER_12UITests.swift */,
				EA7CD3B027252AC500347998 /* DAHMAJABER_12UITestsLaunchTests.swift */,
			);
			path = "DAHMAJABER-12UITests";
			sourceTree = "<group>";
		};
/* End PBXGroup section */

/* Begin PBXNativeTarget section */
		EA7CD38927252AC200347998 /* DAHMAJABER-12 */ = {
			isa = PBXNativeTarget;
			buildConfigurationList = EA7CD3B427252AC500347998 /* Build configuration list for PBXNativeTarget "DAHMAJABER-12" */;
			buildPhases = (
				EA7CD38627252AC200347998 /* Sources */,
				EA7CD38727252AC200347998 /* Frameworks */,
				EA7CD38827252AC200347998 /* Resources */,
			);
			buildRules = (
			);
			dependencies = (
			);
			name = "DAHMAJABER-12";
			productName = "DAHMAJABER-12";
			productReference = EA7CD38A27252AC200347998 /* DAHMAJABER-12.app */;
			productType = "com.apple.product-type.application";
		};
		EA7CD39F27252AC500347998 /* DAHMAJABER-12Tests */ = {
			isa = PBXNativeTarget;
			buildConfigurationList = EA7CD3B727252AC500347998 /* Build configuration list for PBXNativeTarget "DAHMAJABER-12Tests" */;
			buildPhases = (
				EA7CD39C27252AC500347998 /* Sources */,
				EA7CD39D27252AC500347998 /* Frameworks */,
				EA7CD39E27252AC500347998 /* Resources */,
			);
			buildRules = (
			);
			dependencies = (
				EA7CD3A227252AC500347998 /* PBXTargetDependency */,
			);
			name = "DAHMAJABER-12Tests";
			productName = "DAHMAJABER-12Tests";
			productReference = EA7CD3A027252AC500347998 /* DAHMAJABER-12Tests.xctest */;
			productType = "com.apple.product-type.bundle.unit-test";
		};
		EA7CD3A927252AC500347998 /* DAHMAJABER-12UITests */ = {
			isa = PBXNativeTarget;
			buildConfigurationList = EA7CD3BA27252AC500347998 /* Build configuration list for PBXNativeTarget "DAHMAJABER-12UITests" */;
			buildPhases = (
				EA7CD3A627252AC500347998 /* Sources */,
				EA7CD3A727252AC500347998 /* Frameworks */,
				EA7CD3A827252AC500347998 /* Resources */,
			);
			buildRules = (
			);
			dependencies = (
				EA7CD3AC27252AC500347998 /* PBXTargetDependency */,
			);
			name = "DAHMAJABER-12UITests";
			productName = "DAHMAJABER-12UITests";
			productReference = EA7CD3AA27252AC500347998 /* DAHMAJABER-12UITests.xctest */;
			productType = "com.apple.product-type.bundle.ui-testing";
		};
/* End PBXNativeTarget section */

/* Begin PBXProject section */
		EA7CD38227252AC200347998 /* Project object */ = {
			isa = PBXProject;
			attributes = {
				BuildIndependentTargetsInParallel = 1;
				LastSwiftUpdateCheck = 1300;
				LastUpgradeCheck = 1300;
				TargetAttributes = {
					EA7CD38927252AC200347998 = {
						CreatedOnToolsVersion = 13.0;
					};
					EA7CD39F27252AC500347998 = {
						CreatedOnToolsVersion = 13.0;
						TestTargetID = EA7CD38927252AC200347998;
					};
					EA7CD3A927252AC500347998 = {
						CreatedOnToolsVersion = 13.0;
						TestTargetID = EA7CD38927252AC200347998;
					};
				};
			};
			buildConfigurationList = EA7CD38527252AC200347998 /* Build configuration list for PBXProject "DAHMAJABER-12" */;
			compatibilityVersion = "Xcode 13.0";
			developmentRegion = en;
			hasScannedForEncodings = 0;
			knownRegions = (
				en,
				Base,
			);
			mainGroup = EA7CD38127252AC200347998;
			productRefGroup = EA7CD38B27252AC200347998 /* Products */;
			projectDirPath = "";
			projectRoot = "";
			targets = (
				EA7CD38927252AC200347998 /* DAHMAJABER-12 */,
				EA7CD39F27252AC500347998 /* DAHMAJABER-12Tests */,
				EA7CD3A927252AC500347998 /* DAHMAJABER-12UITests */,
			);
		};
/* End PBXProject section */

/* Begin PBXResourcesBuildPhase section */
		EA7CD38827252AC200347998 /* Resources */ = {
			isa = PBXResourcesBuildPhase;
			buildActionMask = 2147483647;
			files = (
				EA7CD39A27252AC500347998 /* LaunchScreen.storyboard in Resources */,
				EA7CD39727252AC500347998 /* Assets.xcassets in Resources */,
				EA7CD39527252AC200347998 /* Main.storyboard in Resources */,
			);
			runOnlyForDeploymentPostprocessing = 0;
		};
		EA7CD39E27252AC500347998 /* Resources */ = {
			isa = PBXResourcesBuildPhase;
			buildActionMask = 2147483647;
			files = (
			);
			runOnlyForDeploymentPostprocessing = 0;
		};
		EA7CD3A827252AC500347998 /* Resources */ = {
			isa = PBXResourcesBuildPhase;
			buildActionMask = 2147483647;
			files = (
			);
			runOnlyForDeploymentPostprocessing = 0;
		};
/* End PBXResourcesBuildPhase section */

/* Begin PBXSourcesBuildPhase section */
		EA7CD38627252AC200347998 /* Sources */ = {
			isa = PBXSourcesBuildPhase;
			buildActionMask = 2147483647;
			files = (
				EA7CD39227252AC200347998 /* ViewController.swift in Sources */,
				EA7CD38E27252AC200347998 /* AppDelegate.swift in Sources */,
				EA7CD39027252AC200347998 /* SceneDelegate.swift in Sources */,
			);
			runOnlyForDeploymentPostprocessing = 0;
		};
		EA7CD39C27252AC500347998 /* Sources */ = {
			isa = PBXSourcesBuildPhase;
			buildActionMask = 2147483647;
			files = (
				EA7CD3A527252AC500347998 /* DAHMAJABER_12Tests.swift in Sources */,
			);
			runOnlyForDeploymentPostprocessing = 0;
		};
		EA7CD3A627252AC500347998 /* Sources */ = {
			isa = PBXSourcesBuildPhase;
			buildActionMask = 2147483647;
			files = (
				EA7CD3B127252AC500347998 /* DAHMAJABER_12UITestsLaunchTests.swift in Sources */,
				EA7CD3AF27252AC500347998 /* DAHMAJABER_12UITests.swift in Sources */,
			);
			runOnlyForDeploymentPostprocessing = 0;
		};
/* End PBXSourcesBuildPhase section */

/* Begin PBXTargetDependency section */
		EA7CD3A227252AC500347998 /* PBXTargetDependency */ = {
			isa = PBXTargetDependency;
			target = EA7CD38927252AC200347998 /* DAHMAJABER-12 */;
			targetProxy = EA7CD3A127252AC500347998 /* PBXContainerItemProxy */;
		};
		EA7CD3AC27252AC500347998 /* PBXTargetDependency */ = {
			isa = PBXTargetDependency;
			target = EA7CD38927252AC200347998 /* DAHMAJABER-12 */;
			targetProxy = EA7CD3AB27252AC500347998 /* PBXContainerItemProxy */;
		};
/* End PBXTargetDependency section */

/* Begin PBXVariantGroup section */
		EA7CD39327252AC200347998 /* Main.storyboard */ = {
			isa = PBXVariantGroup;
			children = (
				EA7CD39427252AC200347998 /* Base */,
			);
			name = Main.storyboard;
			sourceTree = "<group>";
		};
		EA7CD39827252AC500347998 /* LaunchScreen.storyboard */ = {
			isa = PBXVariantGroup;
			children = (
				EA7CD39927252AC500347998 /* Base */,
			);
			name = LaunchScreen.storyboard;
			sourceTree = "<group>";
		};
/* End PBXVariantGroup section */

/* Begin XCBuildConfiguration section */
		EA7CD3B227252AC500347998 /* Debug */ = {
			isa = XCBuildConfiguration;
			buildSettings = {
				ALWAYS_SEARCH_USER_PATHS = NO;
				CLANG_ANALYZER_NONNULL = YES;
				CLANG_ANALYZER_NUMBER_OBJECT_CONVERSION = YES_AGGRESSIVE;
				CLANG_CXX_LANGUAGE_STANDARD = "gnu++17";
				CLANG_CXX_LIBRARY = "libc++";
				CLANG_ENABLE_MODULES = YES;
				CLANG_ENABLE_OBJC_ARC = YES;
				CLANG_ENABLE_OBJC_WEAK = YES;
				CLANG_WARN_BLOCK_CAPTURE_AUTORELEASING = YES;
				CLANG_WARN_BOOL_CONVERSION = YES;
				CLANG_WARN_COMMA = YES;
				CLANG_WARN_CONSTANT_CONVERSION = YES;
				CLANG_WARN_DEPRECATED_OBJC_IMPLEMENTATIONS = YES;
				CLANG_WARN_DIRECT_OBJC_ISA_USAGE = YES_ERROR;
				CLANG_WARN_DOCUMENTATION_COMMENTS = YES;
				CLANG_WARN_EMPTY_BODY = YES;
				CLANG_WARN_ENUM_CONVERSION = YES;
				CLANG_WARN_INFINITE_RECURSION = YES;
				CLANG_WARN_INT_CONVERSION = YES;
				CLANG_WARN_NON_LITERAL_NULL_CONVERSION = YES;
				CLANG_WARN_OBJC_IMPLICIT_RETAIN_SELF = YES;
				CLANG_WARN_OBJC_LITERAL_CONVERSION = YES;
				CLANG_WARN_OBJC_ROOT_CLASS = YES_ERROR;
				CLANG_WARN_QUOTED_INCLUDE_IN_FRAMEWORK_HEADER = YES;
				CLANG_WARN_RANGE_LOOP_ANALYSIS = YES;
				CLANG_WARN_STRICT_PROTOTYPES = YES;
				CLANG_WARN_SUSPICIOUS_MOVE = YES;
				CLANG_WARN_UNGUARDED_AVAILABILITY = YES_AGGRESSIVE;
				CLANG_WARN_UNREACHABLE_CODE = YES;
				CLANG_WARN__DUPLICATE_METHOD_MATCH = YES;
				COPY_PHASE_STRIP = NO;
				DEBUG_INFORMATION_FORMAT = dwarf;
				ENABLE_STRICT_OBJC_MSGSEND = YES;
				ENABLE_TESTABILITY = YES;
				GCC_C_LANGUAGE_STANDARD = gnu11;
				GCC_DYNAMIC_NO_PIC = NO;
				GCC_NO_COMMON_BLOCKS = YES;
				GCC_OPTIMIZATION_LEVEL = 0;
				GCC_PREPROCESSOR_DEFINITIONS = (
					"DEBUG=1",
					"$(inherited)",
				);
				GCC_WARN_64_TO_32_BIT_CONVERSION = YES;
				GCC_WARN_ABOUT_RETURN_TYPE = YES_ERROR;
				GCC_WARN_UNDECLARED_SELECTOR = YES;
				GCC_WARN_UNINITIALIZED_AUTOS = YES_AGGRESSIVE;
				GCC_WARN_UNUSED_FUNCTION = YES;
				GCC_WARN_UNUSED_VARIABLE = YES;
				IPHONEOS_DEPLOYMENT_TARGET = 15.0;
				MTL_ENABLE_DEBUG_INFO = INCLUDE_SOURCE;
				MTL_FAST_MATH = YES;
				ONLY_ACTIVE_ARCH = YES;
				SDKROOT = iphoneos;
				SWIFT_ACTIVE_COMPILATION_CONDITIONS = DEBUG;
				SWIFT_OPTIMIZATION_LEVEL = "-Onone";
			};
			name = Debug;
		};
		EA7CD3B327252AC500347998 /* Release */ = {
			isa = XCBuildConfiguration;
			buildSettings = {
				ALWAYS_SEARCH_USER_PATHS = NO;
				CLANG_ANALYZER_NONNULL = YES;
				CLANG_ANALYZER_NUMBER_OBJECT_CONVERSION = YES_AGGRESSIVE;
				CLANG_CXX_LANGUAGE_STANDARD = "gnu++17";
				CLANG_CXX_LIBRARY = "libc++";
				CLANG_ENABLE_MODULES = YES;
				CLANG_ENABLE_OBJC_ARC = YES;
				CLANG_ENABLE_OBJC_WEAK = YES;
				CLANG_WARN_BLOCK_CAPTURE_AUTORELEASING = YES;
				CLANG_WARN_BOOL_CONVERSION = YES;
				CLANG_WARN_COMMA = YES;
				CLANG_WARN_CONSTANT_CONVERSION = YES;
				CLANG_WARN_DEPRECATED_OBJC_IMPLEMENTATIONS = YES;
				CLANG_WARN_DIRECT_OBJC_ISA_USAGE = YES_ERROR;
				CLANG_WARN_DOCUMENTATION_COMMENTS = YES;
				CLANG_WARN_EMPTY_BODY = YES;
				CLANG_WARN_ENUM_CONVERSION = YES;
				CLANG_WARN_INFINITE_RECURSION = YES;
				CLANG_WARN_INT_CONVERSION = YES;
				CLANG_WARN_NON_LITERAL_NULL_CONVERSION = YES;
				CLANG_WARN_OBJC_IMPLICIT_RETAIN_SELF = YES;
				CLANG_WARN_OBJC_LITERAL_CONVERSION = YES;
				CLANG_WARN_OBJC_ROOT_CLASS = YES_ERROR;
				CLANG_WARN_QUOTED_INCLUDE_IN_FRAMEWORK_HEADER = YES;
				CLANG_WARN_RANGE_LOOP_ANALYSIS = YES;
				CLANG_WARN_STRICT_PROTOTYPES = YES;
				CLANG_WARN_SUSPICIOUS_MOVE = YES;
				CLANG_WARN_UNGUARDED_AVAILABILITY = YES_AGGRESSIVE;
				CLANG_WARN_UNREACHABLE_CODE = YES;
				CLANG_WARN__DUPLICATE_METHOD_MATCH = YES;
				COPY_PHASE_STRIP = NO;
				DEBUG_INFORMATION_FORMAT = "dwarf-with-dsym";
				ENABLE_NS_ASSERTIONS = NO;
				ENABLE_STRICT_OBJC_MSGSEND = YES;
				GCC_C_LANGUAGE_STANDARD = gnu11;
				GCC_NO_COMMON_BLOCKS = YES;
				GCC_WARN_64_TO_32_BIT_CONVERSION = YES;
				GCC_WARN_ABOUT_RETURN_TYPE = YES_ERROR;
				GCC_WARN_UNDECLARED_SELECTOR = YES;
				GCC_WARN_UNINITIALIZED_AUTOS = YES_AGGRESSIVE;
				GCC_WARN_UNUSED_FUNCTION = YES;
				GCC_WARN_UNUSED_VARIABLE = YES;
				IPHONEOS_DEPLOYMENT_TARGET = 15.0;
				MTL_ENABLE_DEBUG_INFO = NO;
				MTL_FAST_MATH = YES;
				SDKROOT = iphoneos;
				SWIFT_COMPILATION_MODE = wholemodule;
				SWIFT_OPTIMIZATION_LEVEL = "-O";
				VALIDATE_PRODUCT = YES;
			};
			name = Release;
		};
		EA7CD3B527252AC500347998 /* Debug */ = {
			isa = XCBuildConfiguration;
			buildSettings = {
				ASSETCATALOG_COMPILER_APPICON_NAME = AppIcon;
				ASSETCATALOG_COMPILER_GLOBAL_ACCENT_COLOR_NAME = AccentColor;
				CODE_SIGN_STYLE = Automatic;
				CURRENT_PROJECT_VERSION = 1;
				GENERATE_INFOPLIST_FILE = YES;
				INFOPLIST_FILE = "DAHMAJABER-12/Info.plist";
				INFOPLIST_KEY_UIApplicationSupportsIndirectInputEvents = YES;
				INFOPLIST_KEY_UILaunchStoryboardName = LaunchScreen;
				INFOPLIST_KEY_UIMainStoryboardFile = Main;
				INFOPLIST_KEY_UISupportedInterfaceOrientations_iPad = "UIInterfaceOrientationPortrait UIInterfaceOrientationPortraitUpsideDown UIInterfaceOrientationLandscapeLeft UIInterfaceOrientationLandscapeRight";
				INFOPLIST_KEY_UISupportedInterfaceOrientations_iPhone = "UIInterfaceOrientationPortrait UIInterfaceOrientationLandscapeLeft UIInterfaceOrientationLandscapeRight";
				LD_RUNPATH_SEARCH_PATHS = (
					"$(inherited)",
					"@executable_path/Frameworks",
				);
				MARKETING_VERSION = 1.0;
				PRODUCT_BUNDLE_IDENTIFIER = "tuwaiqAcademy.DAHMAJABER-12";
				PRODUCT_NAME = "$(TARGET_NAME)";
				SWIFT_EMIT_LOC_STRINGS = YES;
				SWIFT_VERSION = 5.0;
				TARGETED_DEVICE_FAMILY = "1,2";
			};
			name = Debug;
		};
		EA7CD3B627252AC500347998 /* Release */ = {
			isa = XCBuildConfiguration;
			buildSettings = {
				ASSETCATALOG_COMPILER_APPICON_NAME = AppIcon;
				ASSETCATALOG_COMPILER_GLOBAL_ACCENT_COLOR_NAME = AccentColor;
				CODE_SIGN_STYLE = Automatic;
				CURRENT_PROJECT_VERSION = 1;
				GENERATE_INFOPLIST_FILE = YES;
				INFOPLIST_FILE = "DAHMAJABER-12/Info.plist";
				INFOPLIST_KEY_UIApplicationSupportsIndirectInputEvents = YES;
				INFOPLIST_KEY_UILaunchStoryboardName = LaunchScreen;
				INFOPLIST_KEY_UIMainStoryboardFile = Main;
				INFOPLIST_KEY_UISupportedInterfaceOrientations_iPad = "UIInterfaceOrientationPortrait UIInterfaceOrientationPortraitUpsideDown UIInterfaceOrientationLandscapeLeft UIInterfaceOrientationLandscapeRight";
				INFOPLIST_KEY_UISupportedInterfaceOrientations_iPhone = "UIInterfaceOrientationPortrait UIInterfaceOrientationLandscapeLeft UIInterfaceOrientationLandscapeRight";
				LD_RUNPATH_SEARCH_PATHS = (
					"$(inherited)",
					"@executable_path/Frameworks",
				);
				MARKETING_VERSION = 1.0;
				PRODUCT_BUNDLE_IDENTIFIER = "tuwaiqAcademy.DAHMAJABER-12";
				PRODUCT_NAME = "$(TARGET_NAME)";
				SWIFT_EMIT_LOC_STRINGS = YES;
				SWIFT_VERSION = 5.0;
				TARGETED_DEVICE_FAMILY = "1,2";
			};
			name = Release;
		};
		EA7CD3B827252AC500347998 /* Debug */ = {
			isa = XCBuildConfiguration;
			buildSettings = {
				ALWAYS_EMBED_SWIFT_STANDARD_LIBRARIES = YES;
				BUNDLE_LOADER = "$(TEST_HOST)";
				CODE_SIGN_STYLE = Automatic;
				CURRENT_PROJECT_VERSION = 1;
				GENERATE_INFOPLIST_FILE = YES;
				IPHONEOS_DEPLOYMENT_TARGET = 15.0;
				LD_RUNPATH_SEARCH_PATHS = (
					"$(inherited)",
					"@executable_path/Frameworks",
					"@loader_path/Frameworks",
				);
				MARKETING_VERSION = 1.0;
				PRODUCT_BUNDLE_IDENTIFIER = "tuwaiqAcademy.DAHMAJABER-12Tests";
				PRODUCT_NAME = "$(TARGET_NAME)";
				SWIFT_EMIT_LOC_STRINGS = NO;
				SWIFT_VERSION = 5.0;
				TARGETED_DEVICE_FAMILY = "1,2";
				TEST_HOST = "$(BUILT_PRODUCTS_DIR)/DAHMAJABER-12.app/DAHMAJABER-12";
			};
			name = Debug;
		};
		EA7CD3B927252AC500347998 /* Release */ = {
			isa = XCBuildConfiguration;
			buildSettings = {
				ALWAYS_EMBED_SWIFT_STANDARD_LIBRARIES = YES;
				BUNDLE_LOADER = "$(TEST_HOST)";
				CODE_SIGN_STYLE = Automatic;
				CURRENT_PROJECT_VERSION = 1;
				GENERATE_INFOPLIST_FILE = YES;
				IPHONEOS_DEPLOYMENT_TARGET = 15.0;
				LD_RUNPATH_SEARCH_PATHS = (
					"$(inherited)",
					"@executable_path/Frameworks",
					"@loader_path/Frameworks",
				);
				MARKETING_VERSION = 1.0;
				PRODUCT_BUNDLE_IDENTIFIER = "tuwaiqAcademy.DAHMAJABER-12Tests";
				PRODUCT_NAME = "$(TARGET_NAME)";
				SWIFT_EMIT_LOC_STRINGS = NO;
				SWIFT_VERSION = 5.0;
				TARGETED_DEVICE_FAMILY = "1,2";
				TEST_HOST = "$(BUILT_PRODUCTS_DIR)/DAHMAJABER-12.app/DAHMAJABER-12";
			};
			name = Release;
		};
		EA7CD3BB27252AC500347998 /* Debug */ = {
			isa = XCBuildConfiguration;
			buildSettings = {
				ALWAYS_EMBED_SWIFT_STANDARD_LIBRARIES = YES;
				CODE_SIGN_STYLE = Automatic;
				CURRENT_PROJECT_VERSION = 1;
				GENERATE_INFOPLIST_FILE = YES;
				LD_RUNPATH_SEARCH_PATHS = (
					"$(inherited)",
					"@executable_path/Frameworks",
					"@loader_path/Frameworks",
				);
				MARKETING_VERSION = 1.0;
				PRODUCT_BUNDLE_IDENTIFIER = "tuwaiqAcademy.DAHMAJABER-12UITests";
				PRODUCT_NAME = "$(TARGET_NAME)";
				SWIFT_EMIT_LOC_STRINGS = NO;
				SWIFT_VERSION = 5.0;
				TARGETED_DEVICE_FAMILY = "1,2";
				TEST_TARGET_NAME = "DAHMAJABER-12";
			};
			name = Debug;
		};
		EA7CD3BC27252AC500347998 /* Release */ = {
			isa = XCBuildConfiguration;
			buildSettings = {
				ALWAYS_EMBED_SWIFT_STANDARD_LIBRARIES = YES;
				CODE_SIGN_STYLE = Automatic;
				CURRENT_PROJECT_VERSION = 1;
				GENERATE_INFOPLIST_FILE = YES;
				LD_RUNPATH_SEARCH_PATHS = (
					"$(inherited)",
					"@executable_path/Frameworks",
					"@loader_path/Frameworks",
				);
				MARKETING_VERSION = 1.0;
				PRODUCT_BUNDLE_IDENTIFIER = "tuwaiqAcademy.DAHMAJABER-12UITests";
				PRODUCT_NAME = "$(TARGET_NAME)";
				SWIFT_EMIT_LOC_STRINGS = NO;
				SWIFT_VERSION = 5.0;
				TARGETED_DEVICE_FAMILY = "1,2";
				TEST_TARGET_NAME = "DAHMAJABER-12";
			};
			name = Release;
		};
/* End XCBuildConfiguration section */

/* Begin XCConfigurationList section */
		EA7CD38527252AC200347998 /* Build configuration list for PBXProject "DAHMAJABER-12" */ = {
			isa = XCConfigurationList;
			buildConfigurations = (
				EA7CD3B227252AC500347998 /* Debug */,
				EA7CD3B327252AC500347998 /* Release */,
			);
			defaultConfigurationIsVisible = 0;
			defaultConfigurationName = Release;
		};
		EA7CD3B427252AC500347998 /* Build configuration list for PBXNativeTarget "DAHMAJABER-12" */ = {
			isa = XCConfigurationList;
			buildConfigurations = (
				EA7CD3B527252AC500347998 /* Debug */,
				EA7CD3B627252AC500347998 /* Release */,
			);
			defaultConfigurationIsVisible = 0;
			defaultConfigurationName = Release;
		};
		EA7CD3B727252AC500347998 /* Build configuration list for PBXNativeTarget "DAHMAJABER-12Tests" */ = {
			isa = XCConfigurationList;
			buildConfigurations = (
				EA7CD3B827252AC500347998 /* Debug */,
				EA7CD3B927252AC500347998 /* Release */,
			);
			defaultConfigurationIsVisible = 0;
			defaultConfigurationName = Release;
		};
		EA7CD3BA27252AC500347998 /* Build configuration list for PBXNativeTarget "DAHMAJABER-12UITests" */ = {
			isa = XCConfigurationList;
			buildConfigurations = (
				EA7CD3BB27252AC500347998 /* Debug */,
				EA7CD3BC27252AC500347998 /* Release */,
			);
			defaultConfigurationIsVisible = 0;
			defaultConfigurationName = Release;
		};
/* End XCConfigurationList section */
	};
	rootObject = EA7CD38227252AC200347998 /* Project object */;
}
