// !$*UTF8*$!
{
	archiveVersion = 1;
	classes = {
	};
	objectVersion = 55;
	objects = {

/* Begin PBXBuildFile section */
		BA0581A3272572FB00A81F6C /* AppDelegate.swift in Sources */ = {isa = PBXBuildFile; fileRef = BA0581A2272572FB00A81F6C /* AppDelegate.swift */; };
		BA0581A5272572FB00A81F6C /* SceneDelegate.swift in Sources */ = {isa = PBXBuildFile; fileRef = BA0581A4272572FB00A81F6C /* SceneDelegate.swift */; };
		BA0581A7272572FB00A81F6C /* ViewController.swift in Sources */ = {isa = PBXBuildFile; fileRef = BA0581A6272572FB00A81F6C /* ViewController.swift */; };
		BA0581AA272572FB00A81F6C /* Main.storyboard in Resources */ = {isa = PBXBuildFile; fileRef = BA0581A8272572FB00A81F6C /* Main.storyboard */; };
		BA0581AC272572FC00A81F6C /* Assets.xcassets in Resources */ = {isa = PBXBuildFile; fileRef = BA0581AB272572FC00A81F6C /* Assets.xcassets */; };
		BA0581AF272572FC00A81F6C /* LaunchScreen.storyboard in Resources */ = {isa = PBXBuildFile; fileRef = BA0581AD272572FC00A81F6C /* LaunchScreen.storyboard */; };
		BA0581BA272572FC00A81F6C /* AbdulrhmanCCTests.swift in Sources */ = {isa = PBXBuildFile; fileRef = BA0581B9272572FC00A81F6C /* AbdulrhmanCCTests.swift */; };
		BA0581C4272572FC00A81F6C /* AbdulrhmanCCUITests.swift in Sources */ = {isa = PBXBuildFile; fileRef = BA0581C3272572FC00A81F6C /* AbdulrhmanCCUITests.swift */; };
		BA0581C6272572FC00A81F6C /* AbdulrhmanCCUITestsLaunchTests.swift in Sources */ = {isa = PBXBuildFile; fileRef = BA0581C5272572FC00A81F6C /* AbdulrhmanCCUITestsLaunchTests.swift */; };
/* End PBXBuildFile section */

/* Begin PBXContainerItemProxy section */
		BA0581B6272572FC00A81F6C /* PBXContainerItemProxy */ = {
			isa = PBXContainerItemProxy;
			containerPortal = BA058197272572FB00A81F6C /* Project object */;
			proxyType = 1;
			remoteGlobalIDString = BA05819E272572FB00A81F6C;
			remoteInfo = AbdulrhmanCC;
		};
		BA0581C0272572FC00A81F6C /* PBXContainerItemProxy */ = {
			isa = PBXContainerItemProxy;
			containerPortal = BA058197272572FB00A81F6C /* Project object */;
			proxyType = 1;
			remoteGlobalIDString = BA05819E272572FB00A81F6C;
			remoteInfo = AbdulrhmanCC;
		};
/* End PBXContainerItemProxy section */

/* Begin PBXFileReference section */
		BA05819F272572FB00A81F6C /* AbdulrhmanCC.app */ = {isa = PBXFileReference; explicitFileType = wrapper.application; includeInIndex = 0; path = AbdulrhmanCC.app; sourceTree = BUILT_PRODUCTS_DIR; };
		BA0581A2272572FB00A81F6C /* AppDelegate.swift */ = {isa = PBXFileReference; lastKnownFileType = sourcecode.swift; path = AppDelegate.swift; sourceTree = "<group>"; };
		BA0581A4272572FB00A81F6C /* SceneDelegate.swift */ = {isa = PBXFileReference; lastKnownFileType = sourcecode.swift; path = SceneDelegate.swift; sourceTree = "<group>"; };
		BA0581A6272572FB00A81F6C /* ViewController.swift */ = {isa = PBXFileReference; lastKnownFileType = sourcecode.swift; path = ViewController.swift; sourceTree = "<group>"; };
		BA0581A9272572FB00A81F6C /* Base */ = {isa = PBXFileReference; lastKnownFileType = file.storyboard; name = Base; path = Base.lproj/Main.storyboard; sourceTree = "<group>"; };
		BA0581AB272572FC00A81F6C /* Assets.xcassets */ = {isa = PBXFileReference; lastKnownFileType = folder.assetcatalog; path = Assets.xcassets; sourceTree = "<group>"; };
		BA0581AE272572FC00A81F6C /* Base */ = {isa = PBXFileReference; lastKnownFileType = file.storyboard; name = Base; path = Base.lproj/LaunchScreen.storyboard; sourceTree = "<group>"; };
		BA0581B0272572FC00A81F6C /* Info.plist */ = {isa = PBXFileReference; lastKnownFileType = text.plist.xml; path = Info.plist; sourceTree = "<group>"; };
		BA0581B5272572FC00A81F6C /* AbdulrhmanCCTests.xctest */ = {isa = PBXFileReference; explicitFileType = wrapper.cfbundle; includeInIndex = 0; path = AbdulrhmanCCTests.xctest; sourceTree = BUILT_PRODUCTS_DIR; };
		BA0581B9272572FC00A81F6C /* AbdulrhmanCCTests.swift */ = {isa = PBXFileReference; lastKnownFileType = sourcecode.swift; path = AbdulrhmanCCTests.swift; sourceTree = "<group>"; };
		BA0581BF272572FC00A81F6C /* AbdulrhmanCCUITests.xctest */ = {isa = PBXFileReference; explicitFileType = wrapper.cfbundle; includeInIndex = 0; path = AbdulrhmanCCUITests.xctest; sourceTree = BUILT_PRODUCTS_DIR; };
		BA0581C3272572FC00A81F6C /* AbdulrhmanCCUITests.swift */ = {isa = PBXFileReference; lastKnownFileType = sourcecode.swift; path = AbdulrhmanCCUITests.swift; sourceTree = "<group>"; };
		BA0581C5272572FC00A81F6C /* AbdulrhmanCCUITestsLaunchTests.swift */ = {isa = PBXFileReference; lastKnownFileType = sourcecode.swift; path = AbdulrhmanCCUITestsLaunchTests.swift; sourceTree = "<group>"; };
/* End PBXFileReference section */

/* Begin PBXFrameworksBuildPhase section */
		BA05819C272572FB00A81F6C /* Frameworks */ = {
			isa = PBXFrameworksBuildPhase;
			buildActionMask = 2147483647;
			files = (
			);
			runOnlyForDeploymentPostprocessing = 0;
		};
		BA0581B2272572FC00A81F6C /* Frameworks */ = {
			isa = PBXFrameworksBuildPhase;
			buildActionMask = 2147483647;
			files = (
			);
			runOnlyForDeploymentPostprocessing = 0;
		};
		BA0581BC272572FC00A81F6C /* Frameworks */ = {
			isa = PBXFrameworksBuildPhase;
			buildActionMask = 2147483647;
			files = (
			);
			runOnlyForDeploymentPostprocessing = 0;
		};
/* End PBXFrameworksBuildPhase section */

/* Begin PBXGroup section */
		BA058196272572FB00A81F6C = {
			isa = PBXGroup;
			children = (
				BA0581A1272572FB00A81F6C /* AbdulrhmanCC */,
				BA0581B8272572FC00A81F6C /* AbdulrhmanCCTests */,
				BA0581C2272572FC00A81F6C /* AbdulrhmanCCUITests */,
				BA0581A0272572FB00A81F6C /* Products */,
			);
			sourceTree = "<group>";
		};
		BA0581A0272572FB00A81F6C /* Products */ = {
			isa = PBXGroup;
			children = (
				BA05819F272572FB00A81F6C /* AbdulrhmanCC.app */,
				BA0581B5272572FC00A81F6C /* AbdulrhmanCCTests.xctest */,
				BA0581BF272572FC00A81F6C /* AbdulrhmanCCUITests.xctest */,
			);
			name = Products;
			sourceTree = "<group>";
		};
		BA0581A1272572FB00A81F6C /* AbdulrhmanCC */ = {
			isa = PBXGroup;
			children = (
				BA0581A2272572FB00A81F6C /* AppDelegate.swift */,
				BA0581A4272572FB00A81F6C /* SceneDelegate.swift */,
				BA0581A6272572FB00A81F6C /* ViewController.swift */,
				BA0581A8272572FB00A81F6C /* Main.storyboard */,
				BA0581AB272572FC00A81F6C /* Assets.xcassets */,
				BA0581AD272572FC00A81F6C /* LaunchScreen.storyboard */,
				BA0581B0272572FC00A81F6C /* Info.plist */,
			);
			path = AbdulrhmanCC;
			sourceTree = "<group>";
		};
		BA0581B8272572FC00A81F6C /* AbdulrhmanCCTests */ = {
			isa = PBXGroup;
			children = (
				BA0581B9272572FC00A81F6C /* AbdulrhmanCCTests.swift */,
			);
			path = AbdulrhmanCCTests;
			sourceTree = "<group>";
		};
		BA0581C2272572FC00A81F6C /* AbdulrhmanCCUITests */ = {
			isa = PBXGroup;
			children = (
				BA0581C3272572FC00A81F6C /* AbdulrhmanCCUITests.swift */,
				BA0581C5272572FC00A81F6C /* AbdulrhmanCCUITestsLaunchTests.swift */,
			);
			path = AbdulrhmanCCUITests;
			sourceTree = "<group>";
		};
/* End PBXGroup section */

/* Begin PBXNativeTarget section */
		BA05819E272572FB00A81F6C /* AbdulrhmanCC */ = {
			isa = PBXNativeTarget;
			buildConfigurationList = BA0581C9272572FC00A81F6C /* Build configuration list for PBXNativeTarget "AbdulrhmanCC" */;
			buildPhases = (
				BA05819B272572FB00A81F6C /* Sources */,
				BA05819C272572FB00A81F6C /* Frameworks */,
				BA05819D272572FB00A81F6C /* Resources */,
			);
			buildRules = (
			);
			dependencies = (
			);
			name = AbdulrhmanCC;
			productName = AbdulrhmanCC;
			productReference = BA05819F272572FB00A81F6C /* AbdulrhmanCC.app */;
			productType = "com.apple.product-type.application";
		};
		BA0581B4272572FC00A81F6C /* AbdulrhmanCCTests */ = {
			isa = PBXNativeTarget;
			buildConfigurationList = BA0581CC272572FC00A81F6C /* Build configuration list for PBXNativeTarget "AbdulrhmanCCTests" */;
			buildPhases = (
				BA0581B1272572FC00A81F6C /* Sources */,
				BA0581B2272572FC00A81F6C /* Frameworks */,
				BA0581B3272572FC00A81F6C /* Resources */,
			);
			buildRules = (
			);
			dependencies = (
				BA0581B7272572FC00A81F6C /* PBXTargetDependency */,
			);
			name = AbdulrhmanCCTests;
			productName = AbdulrhmanCCTests;
			productReference = BA0581B5272572FC00A81F6C /* AbdulrhmanCCTests.xctest */;
			productType = "com.apple.product-type.bundle.unit-test";
		};
		BA0581BE272572FC00A81F6C /* AbdulrhmanCCUITests */ = {
			isa = PBXNativeTarget;
			buildConfigurationList = BA0581CF272572FC00A81F6C /* Build configuration list for PBXNativeTarget "AbdulrhmanCCUITests" */;
			buildPhases = (
				BA0581BB272572FC00A81F6C /* Sources */,
				BA0581BC272572FC00A81F6C /* Frameworks */,
				BA0581BD272572FC00A81F6C /* Resources */,
			);
			buildRules = (
			);
			dependencies = (
				BA0581C1272572FC00A81F6C /* PBXTargetDependency */,
			);
			name = AbdulrhmanCCUITests;
			productName = AbdulrhmanCCUITests;
			productReference = BA0581BF272572FC00A81F6C /* AbdulrhmanCCUITests.xctest */;
			productType = "com.apple.product-type.bundle.ui-testing";
		};
/* End PBXNativeTarget section */

/* Begin PBXProject section */
		BA058197272572FB00A81F6C /* Project object */ = {
			isa = PBXProject;
			attributes = {
				BuildIndependentTargetsInParallel = 1;
				LastSwiftUpdateCheck = 1300;
				LastUpgradeCheck = 1300;
				TargetAttributes = {
					BA05819E272572FB00A81F6C = {
						CreatedOnToolsVersion = 13.0;
					};
					BA0581B4272572FC00A81F6C = {
						CreatedOnToolsVersion = 13.0;
						TestTargetID = BA05819E272572FB00A81F6C;
					};
					BA0581BE272572FC00A81F6C = {
						CreatedOnToolsVersion = 13.0;
						TestTargetID = BA05819E272572FB00A81F6C;
					};
				};
			};
			buildConfigurationList = BA05819A272572FB00A81F6C /* Build configuration list for PBXProject "AbdulrhmanCC" */;
			compatibilityVersion = "Xcode 13.0";
			developmentRegion = en;
			hasScannedForEncodings = 0;
			knownRegions = (
				en,
				Base,
			);
			mainGroup = BA058196272572FB00A81F6C;
			productRefGroup = BA0581A0272572FB00A81F6C /* Products */;
			projectDirPath = "";
			projectRoot = "";
			targets = (
				BA05819E272572FB00A81F6C /* AbdulrhmanCC */,
				BA0581B4272572FC00A81F6C /* AbdulrhmanCCTests */,
				BA0581BE272572FC00A81F6C /* AbdulrhmanCCUITests */,
			);
		};
/* End PBXProject section */

/* Begin PBXResourcesBuildPhase section */
		BA05819D272572FB00A81F6C /* Resources */ = {
			isa = PBXResourcesBuildPhase;
			buildActionMask = 2147483647;
			files = (
				BA0581AF272572FC00A81F6C /* LaunchScreen.storyboard in Resources */,
				BA0581AC272572FC00A81F6C /* Assets.xcassets in Resources */,
				BA0581AA272572FB00A81F6C /* Main.storyboard in Resources */,
			);
			runOnlyForDeploymentPostprocessing = 0;
		};
		BA0581B3272572FC00A81F6C /* Resources */ = {
			isa = PBXResourcesBuildPhase;
			buildActionMask = 2147483647;
			files = (
			);
			runOnlyForDeploymentPostprocessing = 0;
		};
		BA0581BD272572FC00A81F6C /* Resources */ = {
			isa = PBXResourcesBuildPhase;
			buildActionMask = 2147483647;
			files = (
			);
			runOnlyForDeploymentPostprocessing = 0;
		};
/* End PBXResourcesBuildPhase section */

/* Begin PBXSourcesBuildPhase section */
		BA05819B272572FB00A81F6C /* Sources */ = {
			isa = PBXSourcesBuildPhase;
			buildActionMask = 2147483647;
			files = (
				BA0581A7272572FB00A81F6C /* ViewController.swift in Sources */,
				BA0581A3272572FB00A81F6C /* AppDelegate.swift in Sources */,
				BA0581A5272572FB00A81F6C /* SceneDelegate.swift in Sources */,
			);
			runOnlyForDeploymentPostprocessing = 0;
		};
		BA0581B1272572FC00A81F6C /* Sources */ = {
			isa = PBXSourcesBuildPhase;
			buildActionMask = 2147483647;
			files = (
				BA0581BA272572FC00A81F6C /* AbdulrhmanCCTests.swift in Sources */,
			);
			runOnlyForDeploymentPostprocessing = 0;
		};
		BA0581BB272572FC00A81F6C /* Sources */ = {
			isa = PBXSourcesBuildPhase;
			buildActionMask = 2147483647;
			files = (
				BA0581C6272572FC00A81F6C /* AbdulrhmanCCUITestsLaunchTests.swift in Sources */,
				BA0581C4272572FC00A81F6C /* AbdulrhmanCCUITests.swift in Sources */,
			);
			runOnlyForDeploymentPostprocessing = 0;
		};
/* End PBXSourcesBuildPhase section */

/* Begin PBXTargetDependency section */
		BA0581B7272572FC00A81F6C /* PBXTargetDependency */ = {
			isa = PBXTargetDependency;
			target = BA05819E272572FB00A81F6C /* AbdulrhmanCC */;
			targetProxy = BA0581B6272572FC00A81F6C /* PBXContainerItemProxy */;
		};
		BA0581C1272572FC00A81F6C /* PBXTargetDependency */ = {
			isa = PBXTargetDependency;
			target = BA05819E272572FB00A81F6C /* AbdulrhmanCC */;
			targetProxy = BA0581C0272572FC00A81F6C /* PBXContainerItemProxy */;
		};
/* End PBXTargetDependency section */

/* Begin PBXVariantGroup section */
		BA0581A8272572FB00A81F6C /* Main.storyboard */ = {
			isa = PBXVariantGroup;
			children = (
				BA0581A9272572FB00A81F6C /* Base */,
			);
			name = Main.storyboard;
			sourceTree = "<group>";
		};
		BA0581AD272572FC00A81F6C /* LaunchScreen.storyboard */ = {
			isa = PBXVariantGroup;
			children = (
				BA0581AE272572FC00A81F6C /* Base */,
			);
			name = LaunchScreen.storyboard;
			sourceTree = "<group>";
		};
/* End PBXVariantGroup section */

/* Begin XCBuildConfiguration section */
		BA0581C7272572FC00A81F6C /* Debug */ = {
			isa = XCBuildConfiguration;
			buildSettings = {
				ALWAYS_SEARCH_USER_PATHS = NO;
				CLANG_ANALYZER_NONNULL = YES;
				CLANG_ANALYZER_NUMBER_OBJECT_CONVERSION = YES_AGGRESSIVE;
				CLANG_CXX_LANGUAGE_STANDARD = "gnu++17";
				CLANG_CXX_LIBRARY = "libc++";
				CLANG_ENABLE_MODULES = YES;
				CLANG_ENABLE_OBJC_ARC = YES;
				CLANG_ENABLE_OBJC_WEAK = YES;
				CLANG_WARN_BLOCK_CAPTURE_AUTORELEASING = YES;
				CLANG_WARN_BOOL_CONVERSION = YES;
				CLANG_WARN_COMMA = YES;
				CLANG_WARN_CONSTANT_CONVERSION = YES;
				CLANG_WARN_DEPRECATED_OBJC_IMPLEMENTATIONS = YES;
				CLANG_WARN_DIRECT_OBJC_ISA_USAGE = YES_ERROR;
				CLANG_WARN_DOCUMENTATION_COMMENTS = YES;
				CLANG_WARN_EMPTY_BODY = YES;
				CLANG_WARN_ENUM_CONVERSION = YES;
				CLANG_WARN_INFINITE_RECURSION = YES;
				CLANG_WARN_INT_CONVERSION = YES;
				CLANG_WARN_NON_LITERAL_NULL_CONVERSION = YES;
				CLANG_WARN_OBJC_IMPLICIT_RETAIN_SELF = YES;
				CLANG_WARN_OBJC_LITERAL_CONVERSION = YES;
				CLANG_WARN_OBJC_ROOT_CLASS = YES_ERROR;
				CLANG_WARN_QUOTED_INCLUDE_IN_FRAMEWORK_HEADER = YES;
				CLANG_WARN_RANGE_LOOP_ANALYSIS = YES;
				CLANG_WARN_STRICT_PROTOTYPES = YES;
				CLANG_WARN_SUSPICIOUS_MOVE = YES;
				CLANG_WARN_UNGUARDED_AVAILABILITY = YES_AGGRESSIVE;
				CLANG_WARN_UNREACHABLE_CODE = YES;
				CLANG_WARN__DUPLICATE_METHOD_MATCH = YES;
				COPY_PHASE_STRIP = NO;
				DEBUG_INFORMATION_FORMAT = dwarf;
				ENABLE_STRICT_OBJC_MSGSEND = YES;
				ENABLE_TESTABILITY = YES;
				GCC_C_LANGUAGE_STANDARD = gnu11;
				GCC_DYNAMIC_NO_PIC = NO;
				GCC_NO_COMMON_BLOCKS = YES;
				GCC_OPTIMIZATION_LEVEL = 0;
				GCC_PREPROCESSOR_DEFINITIONS = (
					"DEBUG=1",
					"$(inherited)",
				);
				GCC_WARN_64_TO_32_BIT_CONVERSION = YES;
				GCC_WARN_ABOUT_RETURN_TYPE = YES_ERROR;
				GCC_WARN_UNDECLARED_SELECTOR = YES;
				GCC_WARN_UNINITIALIZED_AUTOS = YES_AGGRESSIVE;
				GCC_WARN_UNUSED_FUNCTION = YES;
				GCC_WARN_UNUSED_VARIABLE = YES;
				IPHONEOS_DEPLOYMENT_TARGET = 15.0;
				MTL_ENABLE_DEBUG_INFO = INCLUDE_SOURCE;
				MTL_FAST_MATH = YES;
				ONLY_ACTIVE_ARCH = YES;
				SDKROOT = iphoneos;
				SWIFT_ACTIVE_COMPILATION_CONDITIONS = DEBUG;
				SWIFT_OPTIMIZATION_LEVEL = "-Onone";
			};
			name = Debug;
		};
		BA0581C8272572FC00A81F6C /* Release */ = {
			isa = XCBuildConfiguration;
			buildSettings = {
				ALWAYS_SEARCH_USER_PATHS = NO;
				CLANG_ANALYZER_NONNULL = YES;
				CLANG_ANALYZER_NUMBER_OBJECT_CONVERSION = YES_AGGRESSIVE;
				CLANG_CXX_LANGUAGE_STANDARD = "gnu++17";
				CLANG_CXX_LIBRARY = "libc++";
				CLANG_ENABLE_MODULES = YES;
				CLANG_ENABLE_OBJC_ARC = YES;
				CLANG_ENABLE_OBJC_WEAK = YES;
				CLANG_WARN_BLOCK_CAPTURE_AUTORELEASING = YES;
				CLANG_WARN_BOOL_CONVERSION = YES;
				CLANG_WARN_COMMA = YES;
				CLANG_WARN_CONSTANT_CONVERSION = YES;
				CLANG_WARN_DEPRECATED_OBJC_IMPLEMENTATIONS = YES;
				CLANG_WARN_DIRECT_OBJC_ISA_USAGE = YES_ERROR;
				CLANG_WARN_DOCUMENTATION_COMMENTS = YES;
				CLANG_WARN_EMPTY_BODY = YES;
				CLANG_WARN_ENUM_CONVERSION = YES;
				CLANG_WARN_INFINITE_RECURSION = YES;
				CLANG_WARN_INT_CONVERSION = YES;
				CLANG_WARN_NON_LITERAL_NULL_CONVERSION = YES;
				CLANG_WARN_OBJC_IMPLICIT_RETAIN_SELF = YES;
				CLANG_WARN_OBJC_LITERAL_CONVERSION = YES;
				CLANG_WARN_OBJC_ROOT_CLASS = YES_ERROR;
				CLANG_WARN_QUOTED_INCLUDE_IN_FRAMEWORK_HEADER = YES;
				CLANG_WARN_RANGE_LOOP_ANALYSIS = YES;
				CLANG_WARN_STRICT_PROTOTYPES = YES;
				CLANG_WARN_SUSPICIOUS_MOVE = YES;
				CLANG_WARN_UNGUARDED_AVAILABILITY = YES_AGGRESSIVE;
				CLANG_WARN_UNREACHABLE_CODE = YES;
				CLANG_WARN__DUPLICATE_METHOD_MATCH = YES;
				COPY_PHASE_STRIP = NO;
				DEBUG_INFORMATION_FORMAT = "dwarf-with-dsym";
				ENABLE_NS_ASSERTIONS = NO;
				ENABLE_STRICT_OBJC_MSGSEND = YES;
				GCC_C_LANGUAGE_STANDARD = gnu11;
				GCC_NO_COMMON_BLOCKS = YES;
				GCC_WARN_64_TO_32_BIT_CONVERSION = YES;
				GCC_WARN_ABOUT_RETURN_TYPE = YES_ERROR;
				GCC_WARN_UNDECLARED_SELECTOR = YES;
				GCC_WARN_UNINITIALIZED_AUTOS = YES_AGGRESSIVE;
				GCC_WARN_UNUSED_FUNCTION = YES;
				GCC_WARN_UNUSED_VARIABLE = YES;
				IPHONEOS_DEPLOYMENT_TARGET = 15.0;
				MTL_ENABLE_DEBUG_INFO = NO;
				MTL_FAST_MATH = YES;
				SDKROOT = iphoneos;
				SWIFT_COMPILATION_MODE = wholemodule;
				SWIFT_OPTIMIZATION_LEVEL = "-O";
				VALIDATE_PRODUCT = YES;
			};
			name = Release;
		};
		BA0581CA272572FC00A81F6C /* Debug */ = {
			isa = XCBuildConfiguration;
			buildSettings = {
				ASSETCATALOG_COMPILER_APPICON_NAME = AppIcon;
				ASSETCATALOG_COMPILER_GLOBAL_ACCENT_COLOR_NAME = AccentColor;
				CODE_SIGN_STYLE = Automatic;
				CURRENT_PROJECT_VERSION = 1;
				GENERATE_INFOPLIST_FILE = YES;
				INFOPLIST_FILE = AbdulrhmanCC/Info.plist;
				INFOPLIST_KEY_UIApplicationSupportsIndirectInputEvents = YES;
				INFOPLIST_KEY_UILaunchStoryboardName = LaunchScreen;
				INFOPLIST_KEY_UIMainStoryboardFile = Main;
				INFOPLIST_KEY_UISupportedInterfaceOrientations_iPad = "UIInterfaceOrientationPortrait UIInterfaceOrientationPortraitUpsideDown UIInterfaceOrientationLandscapeLeft UIInterfaceOrientationLandscapeRight";
				INFOPLIST_KEY_UISupportedInterfaceOrientations_iPhone = "UIInterfaceOrientationPortrait UIInterfaceOrientationLandscapeLeft UIInterfaceOrientationLandscapeRight";
				LD_RUNPATH_SEARCH_PATHS = (
					"$(inherited)",
					"@executable_path/Frameworks",
				);
				MARKETING_VERSION = 1.0;
				PRODUCT_BUNDLE_IDENTIFIER = AbdulrhmanAbuhyyh.AbdulrhmanCC;
				PRODUCT_NAME = "$(TARGET_NAME)";
				SWIFT_EMIT_LOC_STRINGS = YES;
				SWIFT_VERSION = 5.0;
				TARGETED_DEVICE_FAMILY = "1,2";
			};
			name = Debug;
		};
		BA0581CB272572FC00A81F6C /* Release */ = {
			isa = XCBuildConfiguration;
			buildSettings = {
				ASSETCATALOG_COMPILER_APPICON_NAME = AppIcon;
				ASSETCATALOG_COMPILER_GLOBAL_ACCENT_COLOR_NAME = AccentColor;
				CODE_SIGN_STYLE = Automatic;
				CURRENT_PROJECT_VERSION = 1;
				GENERATE_INFOPLIST_FILE = YES;
				INFOPLIST_FILE = AbdulrhmanCC/Info.plist;
				INFOPLIST_KEY_UIApplicationSupportsIndirectInputEvents = YES;
				INFOPLIST_KEY_UILaunchStoryboardName = LaunchScreen;
				INFOPLIST_KEY_UIMainStoryboardFile = Main;
				INFOPLIST_KEY_UISupportedInterfaceOrientations_iPad = "UIInterfaceOrientationPortrait UIInterfaceOrientationPortraitUpsideDown UIInterfaceOrientationLandscapeLeft UIInterfaceOrientationLandscapeRight";
				INFOPLIST_KEY_UISupportedInterfaceOrientations_iPhone = "UIInterfaceOrientationPortrait UIInterfaceOrientationLandscapeLeft UIInterfaceOrientationLandscapeRight";
				LD_RUNPATH_SEARCH_PATHS = (
					"$(inherited)",
					"@executable_path/Frameworks",
				);
				MARKETING_VERSION = 1.0;
				PRODUCT_BUNDLE_IDENTIFIER = AbdulrhmanAbuhyyh.AbdulrhmanCC;
				PRODUCT_NAME = "$(TARGET_NAME)";
				SWIFT_EMIT_LOC_STRINGS = YES;
				SWIFT_VERSION = 5.0;
				TARGETED_DEVICE_FAMILY = "1,2";
			};
			name = Release;
		};
		BA0581CD272572FC00A81F6C /* Debug */ = {
			isa = XCBuildConfiguration;
			buildSettings = {
				ALWAYS_EMBED_SWIFT_STANDARD_LIBRARIES = YES;
				BUNDLE_LOADER = "$(TEST_HOST)";
				CODE_SIGN_STYLE = Automatic;
				CURRENT_PROJECT_VERSION = 1;
				GENERATE_INFOPLIST_FILE = YES;
				IPHONEOS_DEPLOYMENT_TARGET = 15.0;
				LD_RUNPATH_SEARCH_PATHS = (
					"$(inherited)",
					"@executable_path/Frameworks",
					"@loader_path/Frameworks",
				);
				MARKETING_VERSION = 1.0;
				PRODUCT_BUNDLE_IDENTIFIER = AbdulrhmanAbuhyyh.AbdulrhmanCCTests;
				PRODUCT_NAME = "$(TARGET_NAME)";
				SWIFT_EMIT_LOC_STRINGS = NO;
				SWIFT_VERSION = 5.0;
				TARGETED_DEVICE_FAMILY = "1,2";
				TEST_HOST = "$(BUILT_PRODUCTS_DIR)/AbdulrhmanCC.app/AbdulrhmanCC";
			};
			name = Debug;
		};
		BA0581CE272572FC00A81F6C /* Release */ = {
			isa = XCBuildConfiguration;
			buildSettings = {
				ALWAYS_EMBED_SWIFT_STANDARD_LIBRARIES = YES;
				BUNDLE_LOADER = "$(TEST_HOST)";
				CODE_SIGN_STYLE = Automatic;
				CURRENT_PROJECT_VERSION = 1;
				GENERATE_INFOPLIST_FILE = YES;
				IPHONEOS_DEPLOYMENT_TARGET = 15.0;
				LD_RUNPATH_SEARCH_PATHS = (
					"$(inherited)",
					"@executable_path/Frameworks",
					"@loader_path/Frameworks",
				);
				MARKETING_VERSION = 1.0;
				PRODUCT_BUNDLE_IDENTIFIER = AbdulrhmanAbuhyyh.AbdulrhmanCCTests;
				PRODUCT_NAME = "$(TARGET_NAME)";
				SWIFT_EMIT_LOC_STRINGS = NO;
				SWIFT_VERSION = 5.0;
				TARGETED_DEVICE_FAMILY = "1,2";
				TEST_HOST = "$(BUILT_PRODUCTS_DIR)/AbdulrhmanCC.app/AbdulrhmanCC";
			};
			name = Release;
		};
		BA0581D0272572FC00A81F6C /* Debug */ = {
			isa = XCBuildConfiguration;
			buildSettings = {
				ALWAYS_EMBED_SWIFT_STANDARD_LIBRARIES = YES;
				CODE_SIGN_STYLE = Automatic;
				CURRENT_PROJECT_VERSION = 1;
				GENERATE_INFOPLIST_FILE = YES;
				LD_RUNPATH_SEARCH_PATHS = (
					"$(inherited)",
					"@executable_path/Frameworks",
					"@loader_path/Frameworks",
				);
				MARKETING_VERSION = 1.0;
				PRODUCT_BUNDLE_IDENTIFIER = AbdulrhmanAbuhyyh.AbdulrhmanCCUITests;
				PRODUCT_NAME = "$(TARGET_NAME)";
				SWIFT_EMIT_LOC_STRINGS = NO;
				SWIFT_VERSION = 5.0;
				TARGETED_DEVICE_FAMILY = "1,2";
				TEST_TARGET_NAME = AbdulrhmanCC;
			};
			name = Debug;
		};
		BA0581D1272572FC00A81F6C /* Release */ = {
			isa = XCBuildConfiguration;
			buildSettings = {
				ALWAYS_EMBED_SWIFT_STANDARD_LIBRARIES = YES;
				CODE_SIGN_STYLE = Automatic;
				CURRENT_PROJECT_VERSION = 1;
				GENERATE_INFOPLIST_FILE = YES;
				LD_RUNPATH_SEARCH_PATHS = (
					"$(inherited)",
					"@executable_path/Frameworks",
					"@loader_path/Frameworks",
				);
				MARKETING_VERSION = 1.0;
				PRODUCT_BUNDLE_IDENTIFIER = AbdulrhmanAbuhyyh.AbdulrhmanCCUITests;
				PRODUCT_NAME = "$(TARGET_NAME)";
				SWIFT_EMIT_LOC_STRINGS = NO;
				SWIFT_VERSION = 5.0;
				TARGETED_DEVICE_FAMILY = "1,2";
				TEST_TARGET_NAME = AbdulrhmanCC;
			};
			name = Release;
		};
/* End XCBuildConfiguration section */

/* Begin XCConfigurationList section */
		BA05819A272572FB00A81F6C /* Build configuration list for PBXProject "AbdulrhmanCC" */ = {
			isa = XCConfigurationList;
			buildConfigurations = (
				BA0581C7272572FC00A81F6C /* Debug */,
				BA0581C8272572FC00A81F6C /* Release */,
			);
			defaultConfigurationIsVisible = 0;
			defaultConfigurationName = Release;
		};
		BA0581C9272572FC00A81F6C /* Build configuration list for PBXNativeTarget "AbdulrhmanCC" */ = {
			isa = XCConfigurationList;
			buildConfigurations = (
				BA0581CA272572FC00A81F6C /* Debug */,
				BA0581CB272572FC00A81F6C /* Release */,
			);
			defaultConfigurationIsVisible = 0;
			defaultConfigurationName = Release;
		};
		BA0581CC272572FC00A81F6C /* Build configuration list for PBXNativeTarget "AbdulrhmanCCTests" */ = {
			isa = XCConfigurationList;
			buildConfigurations = (
				BA0581CD272572FC00A81F6C /* Debug */,
				BA0581CE272572FC00A81F6C /* Release */,
			);
			defaultConfigurationIsVisible = 0;
			defaultConfigurationName = Release;
		};
		BA0581CF272572FC00A81F6C /* Build configuration list for PBXNativeTarget "AbdulrhmanCCUITests" */ = {
			isa = XCConfigurationList;
			buildConfigurations = (
				BA0581D0272572FC00A81F6C /* Debug */,
				BA0581D1272572FC00A81F6C /* Release */,
			);
			defaultConfigurationIsVisible = 0;
			defaultConfigurationName = Release;
		};
/* End XCConfigurationList section */
	};
	rootObject = BA058197272572FB00A81F6C /* Project object */;
}
