// !$*UTF8*$!
{
	archiveVersion = 1;
	classes = {
	};
	objectVersion = 55;
	objects = {

/* Begin PBXBuildFile section */
		FB91BFA727248988007AA82D /* AppDelegate.swift in Sources */ = {isa = PBXBuildFile; fileRef = FB91BFA627248988007AA82D /* AppDelegate.swift */; };
		FB91BFA927248988007AA82D /* SceneDelegate.swift in Sources */ = {isa = PBXBuildFile; fileRef = FB91BFA827248988007AA82D /* SceneDelegate.swift */; };
		FB91BFAB27248988007AA82D /* ViewController.swift in Sources */ = {isa = PBXBuildFile; fileRef = FB91BFAA27248988007AA82D /* ViewController.swift */; };
		FB91BFAE27248988007AA82D /* Main.storyboard in Resources */ = {isa = PBXBuildFile; fileRef = FB91BFAC27248988007AA82D /* Main.storyboard */; };
		FB91BFB027248989007AA82D /* Assets.xcassets in Resources */ = {isa = PBXBuildFile; fileRef = FB91BFAF27248989007AA82D /* Assets.xcassets */; };
		FB91BFB327248989007AA82D /* LaunchScreen.storyboard in Resources */ = {isa = PBXBuildFile; fileRef = FB91BFB127248989007AA82D /* LaunchScreen.storyboard */; };
		FB91BFBE2724898A007AA82D /* Knight_and_WizardTests.swift in Sources */ = {isa = PBXBuildFile; fileRef = FB91BFBD2724898A007AA82D /* Knight_and_WizardTests.swift */; };
		FB91BFC82724898A007AA82D /* Knight_and_WizardUITests.swift in Sources */ = {isa = PBXBuildFile; fileRef = FB91BFC72724898A007AA82D /* Knight_and_WizardUITests.swift */; };
		FB91BFCA2724898A007AA82D /* Knight_and_WizardUITestsLaunchTests.swift in Sources */ = {isa = PBXBuildFile; fileRef = FB91BFC92724898A007AA82D /* Knight_and_WizardUITestsLaunchTests.swift */; };
/* End PBXBuildFile section */

/* Begin PBXContainerItemProxy section */
		FB91BFBA2724898A007AA82D /* PBXContainerItemProxy */ = {
			isa = PBXContainerItemProxy;
			containerPortal = FB91BF9B27248988007AA82D /* Project object */;
			proxyType = 1;
			remoteGlobalIDString = FB91BFA227248988007AA82D;
			remoteInfo = "Knight and Wizard";
		};
		FB91BFC42724898A007AA82D /* PBXContainerItemProxy */ = {
			isa = PBXContainerItemProxy;
			containerPortal = FB91BF9B27248988007AA82D /* Project object */;
			proxyType = 1;
			remoteGlobalIDString = FB91BFA227248988007AA82D;
			remoteInfo = "Knight and Wizard";
		};
/* End PBXContainerItemProxy section */

/* Begin PBXFileReference section */
		FB91BFA327248988007AA82D /* Knight and Wizard.app */ = {isa = PBXFileReference; explicitFileType = wrapper.application; includeInIndex = 0; path = "Knight and Wizard.app"; sourceTree = BUILT_PRODUCTS_DIR; };
		FB91BFA627248988007AA82D /* AppDelegate.swift */ = {isa = PBXFileReference; lastKnownFileType = sourcecode.swift; path = AppDelegate.swift; sourceTree = "<group>"; };
		FB91BFA827248988007AA82D /* SceneDelegate.swift */ = {isa = PBXFileReference; lastKnownFileType = sourcecode.swift; path = SceneDelegate.swift; sourceTree = "<group>"; };
		FB91BFAA27248988007AA82D /* ViewController.swift */ = {isa = PBXFileReference; lastKnownFileType = sourcecode.swift; path = ViewController.swift; sourceTree = "<group>"; };
		FB91BFAD27248988007AA82D /* Base */ = {isa = PBXFileReference; lastKnownFileType = file.storyboard; name = Base; path = Base.lproj/Main.storyboard; sourceTree = "<group>"; };
		FB91BFAF27248989007AA82D /* Assets.xcassets */ = {isa = PBXFileReference; lastKnownFileType = folder.assetcatalog; path = Assets.xcassets; sourceTree = "<group>"; };
		FB91BFB227248989007AA82D /* Base */ = {isa = PBXFileReference; lastKnownFileType = file.storyboard; name = Base; path = Base.lproj/LaunchScreen.storyboard; sourceTree = "<group>"; };
		FB91BFB427248989007AA82D /* Info.plist */ = {isa = PBXFileReference; lastKnownFileType = text.plist.xml; path = Info.plist; sourceTree = "<group>"; };
		FB91BFB92724898A007AA82D /* Knight and WizardTests.xctest */ = {isa = PBXFileReference; explicitFileType = wrapper.cfbundle; includeInIndex = 0; path = "Knight and WizardTests.xctest"; sourceTree = BUILT_PRODUCTS_DIR; };
		FB91BFBD2724898A007AA82D /* Knight_and_WizardTests.swift */ = {isa = PBXFileReference; lastKnownFileType = sourcecode.swift; path = Knight_and_WizardTests.swift; sourceTree = "<group>"; };
		FB91BFC32724898A007AA82D /* Knight and WizardUITests.xctest */ = {isa = PBXFileReference; explicitFileType = wrapper.cfbundle; includeInIndex = 0; path = "Knight and WizardUITests.xctest"; sourceTree = BUILT_PRODUCTS_DIR; };
		FB91BFC72724898A007AA82D /* Knight_and_WizardUITests.swift */ = {isa = PBXFileReference; lastKnownFileType = sourcecode.swift; path = Knight_and_WizardUITests.swift; sourceTree = "<group>"; };
		FB91BFC92724898A007AA82D /* Knight_and_WizardUITestsLaunchTests.swift */ = {isa = PBXFileReference; lastKnownFileType = sourcecode.swift; path = Knight_and_WizardUITestsLaunchTests.swift; sourceTree = "<group>"; };
/* End PBXFileReference section */

/* Begin PBXFrameworksBuildPhase section */
		FB91BFA027248988007AA82D /* Frameworks */ = {
			isa = PBXFrameworksBuildPhase;
			buildActionMask = 2147483647;
			files = (
			);
			runOnlyForDeploymentPostprocessing = 0;
		};
		FB91BFB62724898A007AA82D /* Frameworks */ = {
			isa = PBXFrameworksBuildPhase;
			buildActionMask = 2147483647;
			files = (
			);
			runOnlyForDeploymentPostprocessing = 0;
		};
		FB91BFC02724898A007AA82D /* Frameworks */ = {
			isa = PBXFrameworksBuildPhase;
			buildActionMask = 2147483647;
			files = (
			);
			runOnlyForDeploymentPostprocessing = 0;
		};
/* End PBXFrameworksBuildPhase section */

/* Begin PBXGroup section */
		FB91BF9A27248988007AA82D = {
			isa = PBXGroup;
			children = (
				FB91BFA527248988007AA82D /* Knight and Wizard */,
				FB91BFBC2724898A007AA82D /* Knight and WizardTests */,
				FB91BFC62724898A007AA82D /* Knight and WizardUITests */,
				FB91BFA427248988007AA82D /* Products */,
			);
			sourceTree = "<group>";
		};
		FB91BFA427248988007AA82D /* Products */ = {
			isa = PBXGroup;
			children = (
				FB91BFA327248988007AA82D /* Knight and Wizard.app */,
				FB91BFB92724898A007AA82D /* Knight and WizardTests.xctest */,
				FB91BFC32724898A007AA82D /* Knight and WizardUITests.xctest */,
			);
			name = Products;
			sourceTree = "<group>";
		};
		FB91BFA527248988007AA82D /* Knight and Wizard */ = {
			isa = PBXGroup;
			children = (
				FB91BFA627248988007AA82D /* AppDelegate.swift */,
				FB91BFA827248988007AA82D /* SceneDelegate.swift */,
				FB91BFAA27248988007AA82D /* ViewController.swift */,
				FB91BFAC27248988007AA82D /* Main.storyboard */,
				FB91BFAF27248989007AA82D /* Assets.xcassets */,
				FB91BFB127248989007AA82D /* LaunchScreen.storyboard */,
				FB91BFB427248989007AA82D /* Info.plist */,
			);
			path = "Knight and Wizard";
			sourceTree = "<group>";
		};
		FB91BFBC2724898A007AA82D /* Knight and WizardTests */ = {
			isa = PBXGroup;
			children = (
				FB91BFBD2724898A007AA82D /* Knight_and_WizardTests.swift */,
			);
			path = "Knight and WizardTests";
			sourceTree = "<group>";
		};
		FB91BFC62724898A007AA82D /* Knight and WizardUITests */ = {
			isa = PBXGroup;
			children = (
				FB91BFC72724898A007AA82D /* Knight_and_WizardUITests.swift */,
				FB91BFC92724898A007AA82D /* Knight_and_WizardUITestsLaunchTests.swift */,
			);
			path = "Knight and WizardUITests";
			sourceTree = "<group>";
		};
/* End PBXGroup section */

/* Begin PBXNativeTarget section */
		FB91BFA227248988007AA82D /* Knight and Wizard */ = {
			isa = PBXNativeTarget;
			buildConfigurationList = FB91BFCD2724898A007AA82D /* Build configuration list for PBXNativeTarget "Knight and Wizard" */;
			buildPhases = (
				FB91BF9F27248988007AA82D /* Sources */,
				FB91BFA027248988007AA82D /* Frameworks */,
				FB91BFA127248988007AA82D /* Resources */,
			);
			buildRules = (
			);
			dependencies = (
			);
			name = "Knight and Wizard";
			productName = "Knight and Wizard";
			productReference = FB91BFA327248988007AA82D /* Knight and Wizard.app */;
			productType = "com.apple.product-type.application";
		};
		FB91BFB82724898A007AA82D /* Knight and WizardTests */ = {
			isa = PBXNativeTarget;
			buildConfigurationList = FB91BFD02724898A007AA82D /* Build configuration list for PBXNativeTarget "Knight and WizardTests" */;
			buildPhases = (
				FB91BFB52724898A007AA82D /* Sources */,
				FB91BFB62724898A007AA82D /* Frameworks */,
				FB91BFB72724898A007AA82D /* Resources */,
			);
			buildRules = (
			);
			dependencies = (
				FB91BFBB2724898A007AA82D /* PBXTargetDependency */,
			);
			name = "Knight and WizardTests";
			productName = "Knight and WizardTests";
			productReference = FB91BFB92724898A007AA82D /* Knight and WizardTests.xctest */;
			productType = "com.apple.product-type.bundle.unit-test";
		};
		FB91BFC22724898A007AA82D /* Knight and WizardUITests */ = {
			isa = PBXNativeTarget;
			buildConfigurationList = FB91BFD32724898A007AA82D /* Build configuration list for PBXNativeTarget "Knight and WizardUITests" */;
			buildPhases = (
				FB91BFBF2724898A007AA82D /* Sources */,
				FB91BFC02724898A007AA82D /* Frameworks */,
				FB91BFC12724898A007AA82D /* Resources */,
			);
			buildRules = (
			);
			dependencies = (
				FB91BFC52724898A007AA82D /* PBXTargetDependency */,
			);
			name = "Knight and WizardUITests";
			productName = "Knight and WizardUITests";
			productReference = FB91BFC32724898A007AA82D /* Knight and WizardUITests.xctest */;
			productType = "com.apple.product-type.bundle.ui-testing";
		};
/* End PBXNativeTarget section */

/* Begin PBXProject section */
		FB91BF9B27248988007AA82D /* Project object */ = {
			isa = PBXProject;
			attributes = {
				BuildIndependentTargetsInParallel = 1;
				LastSwiftUpdateCheck = 1300;
				LastUpgradeCheck = 1300;
				TargetAttributes = {
					FB91BFA227248988007AA82D = {
						CreatedOnToolsVersion = 13.0;
					};
					FB91BFB82724898A007AA82D = {
						CreatedOnToolsVersion = 13.0;
						TestTargetID = FB91BFA227248988007AA82D;
					};
					FB91BFC22724898A007AA82D = {
						CreatedOnToolsVersion = 13.0;
						TestTargetID = FB91BFA227248988007AA82D;
					};
				};
			};
			buildConfigurationList = FB91BF9E27248988007AA82D /* Build configuration list for PBXProject "Knight and Wizard" */;
			compatibilityVersion = "Xcode 13.0";
			developmentRegion = en;
			hasScannedForEncodings = 0;
			knownRegions = (
				en,
				Base,
			);
			mainGroup = FB91BF9A27248988007AA82D;
			productRefGroup = FB91BFA427248988007AA82D /* Products */;
			projectDirPath = "";
			projectRoot = "";
			targets = (
				FB91BFA227248988007AA82D /* Knight and Wizard */,
				FB91BFB82724898A007AA82D /* Knight and WizardTests */,
				FB91BFC22724898A007AA82D /* Knight and WizardUITests */,
			);
		};
/* End PBXProject section */

/* Begin PBXResourcesBuildPhase section */
		FB91BFA127248988007AA82D /* Resources */ = {
			isa = PBXResourcesBuildPhase;
			buildActionMask = 2147483647;
			files = (
				FB91BFB327248989007AA82D /* LaunchScreen.storyboard in Resources */,
				FB91BFB027248989007AA82D /* Assets.xcassets in Resources */,
				FB91BFAE27248988007AA82D /* Main.storyboard in Resources */,
			);
			runOnlyForDeploymentPostprocessing = 0;
		};
		FB91BFB72724898A007AA82D /* Resources */ = {
			isa = PBXResourcesBuildPhase;
			buildActionMask = 2147483647;
			files = (
			);
			runOnlyForDeploymentPostprocessing = 0;
		};
		FB91BFC12724898A007AA82D /* Resources */ = {
			isa = PBXResourcesBuildPhase;
			buildActionMask = 2147483647;
			files = (
			);
			runOnlyForDeploymentPostprocessing = 0;
		};
/* End PBXResourcesBuildPhase section */

/* Begin PBXSourcesBuildPhase section */
		FB91BF9F27248988007AA82D /* Sources */ = {
			isa = PBXSourcesBuildPhase;
			buildActionMask = 2147483647;
			files = (
				FB91BFAB27248988007AA82D /* ViewController.swift in Sources */,
				FB91BFA727248988007AA82D /* AppDelegate.swift in Sources */,
				FB91BFA927248988007AA82D /* SceneDelegate.swift in Sources */,
			);
			runOnlyForDeploymentPostprocessing = 0;
		};
		FB91BFB52724898A007AA82D /* Sources */ = {
			isa = PBXSourcesBuildPhase;
			buildActionMask = 2147483647;
			files = (
				FB91BFBE2724898A007AA82D /* Knight_and_WizardTests.swift in Sources */,
			);
			runOnlyForDeploymentPostprocessing = 0;
		};
		FB91BFBF2724898A007AA82D /* Sources */ = {
			isa = PBXSourcesBuildPhase;
			buildActionMask = 2147483647;
			files = (
				FB91BFCA2724898A007AA82D /* Knight_and_WizardUITestsLaunchTests.swift in Sources */,
				FB91BFC82724898A007AA82D /* Knight_and_WizardUITests.swift in Sources */,
			);
			runOnlyForDeploymentPostprocessing = 0;
		};
/* End PBXSourcesBuildPhase section */

/* Begin PBXTargetDependency section */
		FB91BFBB2724898A007AA82D /* PBXTargetDependency */ = {
			isa = PBXTargetDependency;
			target = FB91BFA227248988007AA82D /* Knight and Wizard */;
			targetProxy = FB91BFBA2724898A007AA82D /* PBXContainerItemProxy */;
		};
		FB91BFC52724898A007AA82D /* PBXTargetDependency */ = {
			isa = PBXTargetDependency;
			target = FB91BFA227248988007AA82D /* Knight and Wizard */;
			targetProxy = FB91BFC42724898A007AA82D /* PBXContainerItemProxy */;
		};
/* End PBXTargetDependency section */

/* Begin PBXVariantGroup section */
		FB91BFAC27248988007AA82D /* Main.storyboard */ = {
			isa = PBXVariantGroup;
			children = (
				FB91BFAD27248988007AA82D /* Base */,
			);
			name = Main.storyboard;
			sourceTree = "<group>";
		};
		FB91BFB127248989007AA82D /* LaunchScreen.storyboard */ = {
			isa = PBXVariantGroup;
			children = (
				FB91BFB227248989007AA82D /* Base */,
			);
			name = LaunchScreen.storyboard;
			sourceTree = "<group>";
		};
/* End PBXVariantGroup section */

/* Begin XCBuildConfiguration section */
		FB91BFCB2724898A007AA82D /* Debug */ = {
			isa = XCBuildConfiguration;
			buildSettings = {
				ALWAYS_SEARCH_USER_PATHS = NO;
				CLANG_ANALYZER_NONNULL = YES;
				CLANG_ANALYZER_NUMBER_OBJECT_CONVERSION = YES_AGGRESSIVE;
				CLANG_CXX_LANGUAGE_STANDARD = "gnu++17";
				CLANG_CXX_LIBRARY = "libc++";
				CLANG_ENABLE_MODULES = YES;
				CLANG_ENABLE_OBJC_ARC = YES;
				CLANG_ENABLE_OBJC_WEAK = YES;
				CLANG_WARN_BLOCK_CAPTURE_AUTORELEASING = YES;
				CLANG_WARN_BOOL_CONVERSION = YES;
				CLANG_WARN_COMMA = YES;
				CLANG_WARN_CONSTANT_CONVERSION = YES;
				CLANG_WARN_DEPRECATED_OBJC_IMPLEMENTATIONS = YES;
				CLANG_WARN_DIRECT_OBJC_ISA_USAGE = YES_ERROR;
				CLANG_WARN_DOCUMENTATION_COMMENTS = YES;
				CLANG_WARN_EMPTY_BODY = YES;
				CLANG_WARN_ENUM_CONVERSION = YES;
				CLANG_WARN_INFINITE_RECURSION = YES;
				CLANG_WARN_INT_CONVERSION = YES;
				CLANG_WARN_NON_LITERAL_NULL_CONVERSION = YES;
				CLANG_WARN_OBJC_IMPLICIT_RETAIN_SELF = YES;
				CLANG_WARN_OBJC_LITERAL_CONVERSION = YES;
				CLANG_WARN_OBJC_ROOT_CLASS = YES_ERROR;
				CLANG_WARN_QUOTED_INCLUDE_IN_FRAMEWORK_HEADER = YES;
				CLANG_WARN_RANGE_LOOP_ANALYSIS = YES;
				CLANG_WARN_STRICT_PROTOTYPES = YES;
				CLANG_WARN_SUSPICIOUS_MOVE = YES;
				CLANG_WARN_UNGUARDED_AVAILABILITY = YES_AGGRESSIVE;
				CLANG_WARN_UNREACHABLE_CODE = YES;
				CLANG_WARN__DUPLICATE_METHOD_MATCH = YES;
				COPY_PHASE_STRIP = NO;
				DEBUG_INFORMATION_FORMAT = dwarf;
				ENABLE_STRICT_OBJC_MSGSEND = YES;
				ENABLE_TESTABILITY = YES;
				GCC_C_LANGUAGE_STANDARD = gnu11;
				GCC_DYNAMIC_NO_PIC = NO;
				GCC_NO_COMMON_BLOCKS = YES;
				GCC_OPTIMIZATION_LEVEL = 0;
				GCC_PREPROCESSOR_DEFINITIONS = (
					"DEBUG=1",
					"$(inherited)",
				);
				GCC_WARN_64_TO_32_BIT_CONVERSION = YES;
				GCC_WARN_ABOUT_RETURN_TYPE = YES_ERROR;
				GCC_WARN_UNDECLARED_SELECTOR = YES;
				GCC_WARN_UNINITIALIZED_AUTOS = YES_AGGRESSIVE;
				GCC_WARN_UNUSED_FUNCTION = YES;
				GCC_WARN_UNUSED_VARIABLE = YES;
				IPHONEOS_DEPLOYMENT_TARGET = 15.0;
				MTL_ENABLE_DEBUG_INFO = INCLUDE_SOURCE;
				MTL_FAST_MATH = YES;
				ONLY_ACTIVE_ARCH = YES;
				SDKROOT = iphoneos;
				SWIFT_ACTIVE_COMPILATION_CONDITIONS = DEBUG;
				SWIFT_OPTIMIZATION_LEVEL = "-Onone";
			};
			name = Debug;
		};
		FB91BFCC2724898A007AA82D /* Release */ = {
			isa = XCBuildConfiguration;
			buildSettings = {
				ALWAYS_SEARCH_USER_PATHS = NO;
				CLANG_ANALYZER_NONNULL = YES;
				CLANG_ANALYZER_NUMBER_OBJECT_CONVERSION = YES_AGGRESSIVE;
				CLANG_CXX_LANGUAGE_STANDARD = "gnu++17";
				CLANG_CXX_LIBRARY = "libc++";
				CLANG_ENABLE_MODULES = YES;
				CLANG_ENABLE_OBJC_ARC = YES;
				CLANG_ENABLE_OBJC_WEAK = YES;
				CLANG_WARN_BLOCK_CAPTURE_AUTORELEASING = YES;
				CLANG_WARN_BOOL_CONVERSION = YES;
				CLANG_WARN_COMMA = YES;
				CLANG_WARN_CONSTANT_CONVERSION = YES;
				CLANG_WARN_DEPRECATED_OBJC_IMPLEMENTATIONS = YES;
				CLANG_WARN_DIRECT_OBJC_ISA_USAGE = YES_ERROR;
				CLANG_WARN_DOCUMENTATION_COMMENTS = YES;
				CLANG_WARN_EMPTY_BODY = YES;
				CLANG_WARN_ENUM_CONVERSION = YES;
				CLANG_WARN_INFINITE_RECURSION = YES;
				CLANG_WARN_INT_CONVERSION = YES;
				CLANG_WARN_NON_LITERAL_NULL_CONVERSION = YES;
				CLANG_WARN_OBJC_IMPLICIT_RETAIN_SELF = YES;
				CLANG_WARN_OBJC_LITERAL_CONVERSION = YES;
				CLANG_WARN_OBJC_ROOT_CLASS = YES_ERROR;
				CLANG_WARN_QUOTED_INCLUDE_IN_FRAMEWORK_HEADER = YES;
				CLANG_WARN_RANGE_LOOP_ANALYSIS = YES;
				CLANG_WARN_STRICT_PROTOTYPES = YES;
				CLANG_WARN_SUSPICIOUS_MOVE = YES;
				CLANG_WARN_UNGUARDED_AVAILABILITY = YES_AGGRESSIVE;
				CLANG_WARN_UNREACHABLE_CODE = YES;
				CLANG_WARN__DUPLICATE_METHOD_MATCH = YES;
				COPY_PHASE_STRIP = NO;
				DEBUG_INFORMATION_FORMAT = "dwarf-with-dsym";
				ENABLE_NS_ASSERTIONS = NO;
				ENABLE_STRICT_OBJC_MSGSEND = YES;
				GCC_C_LANGUAGE_STANDARD = gnu11;
				GCC_NO_COMMON_BLOCKS = YES;
				GCC_WARN_64_TO_32_BIT_CONVERSION = YES;
				GCC_WARN_ABOUT_RETURN_TYPE = YES_ERROR;
				GCC_WARN_UNDECLARED_SELECTOR = YES;
				GCC_WARN_UNINITIALIZED_AUTOS = YES_AGGRESSIVE;
				GCC_WARN_UNUSED_FUNCTION = YES;
				GCC_WARN_UNUSED_VARIABLE = YES;
				IPHONEOS_DEPLOYMENT_TARGET = 15.0;
				MTL_ENABLE_DEBUG_INFO = NO;
				MTL_FAST_MATH = YES;
				SDKROOT = iphoneos;
				SWIFT_COMPILATION_MODE = wholemodule;
				SWIFT_OPTIMIZATION_LEVEL = "-O";
				VALIDATE_PRODUCT = YES;
			};
			name = Release;
		};
		FB91BFCE2724898A007AA82D /* Debug */ = {
			isa = XCBuildConfiguration;
			buildSettings = {
				ASSETCATALOG_COMPILER_APPICON_NAME = AppIcon;
				ASSETCATALOG_COMPILER_GLOBAL_ACCENT_COLOR_NAME = AccentColor;
				CODE_SIGN_STYLE = Automatic;
				CURRENT_PROJECT_VERSION = 1;
				GENERATE_INFOPLIST_FILE = YES;
				INFOPLIST_FILE = "Knight and Wizard/Info.plist";
				INFOPLIST_KEY_UIApplicationSupportsIndirectInputEvents = YES;
				INFOPLIST_KEY_UILaunchStoryboardName = LaunchScreen;
				INFOPLIST_KEY_UIMainStoryboardFile = Main;
				INFOPLIST_KEY_UISupportedInterfaceOrientations_iPad = "UIInterfaceOrientationPortrait UIInterfaceOrientationPortraitUpsideDown UIInterfaceOrientationLandscapeLeft UIInterfaceOrientationLandscapeRight";
				INFOPLIST_KEY_UISupportedInterfaceOrientations_iPhone = "UIInterfaceOrientationPortrait UIInterfaceOrientationLandscapeLeft UIInterfaceOrientationLandscapeRight";
				LD_RUNPATH_SEARCH_PATHS = (
					"$(inherited)",
					"@executable_path/Frameworks",
				);
				MARKETING_VERSION = 1.0;
				PRODUCT_BUNDLE_IDENTIFIER = "tuwaiq.ios.Knight-and-Wizard";
				PRODUCT_NAME = "$(TARGET_NAME)";
				SWIFT_EMIT_LOC_STRINGS = YES;
				SWIFT_VERSION = 5.0;
				TARGETED_DEVICE_FAMILY = "1,2";
			};
			name = Debug;
		};
		FB91BFCF2724898A007AA82D /* Release */ = {
			isa = XCBuildConfiguration;
			buildSettings = {
				ASSETCATALOG_COMPILER_APPICON_NAME = AppIcon;
				ASSETCATALOG_COMPILER_GLOBAL_ACCENT_COLOR_NAME = AccentColor;
				CODE_SIGN_STYLE = Automatic;
				CURRENT_PROJECT_VERSION = 1;
				GENERATE_INFOPLIST_FILE = YES;
				INFOPLIST_FILE = "Knight and Wizard/Info.plist";
				INFOPLIST_KEY_UIApplicationSupportsIndirectInputEvents = YES;
				INFOPLIST_KEY_UILaunchStoryboardName = LaunchScreen;
				INFOPLIST_KEY_UIMainStoryboardFile = Main;
				INFOPLIST_KEY_UISupportedInterfaceOrientations_iPad = "UIInterfaceOrientationPortrait UIInterfaceOrientationPortraitUpsideDown UIInterfaceOrientationLandscapeLeft UIInterfaceOrientationLandscapeRight";
				INFOPLIST_KEY_UISupportedInterfaceOrientations_iPhone = "UIInterfaceOrientationPortrait UIInterfaceOrientationLandscapeLeft UIInterfaceOrientationLandscapeRight";
				LD_RUNPATH_SEARCH_PATHS = (
					"$(inherited)",
					"@executable_path/Frameworks",
				);
				MARKETING_VERSION = 1.0;
				PRODUCT_BUNDLE_IDENTIFIER = "tuwaiq.ios.Knight-and-Wizard";
				PRODUCT_NAME = "$(TARGET_NAME)";
				SWIFT_EMIT_LOC_STRINGS = YES;
				SWIFT_VERSION = 5.0;
				TARGETED_DEVICE_FAMILY = "1,2";
			};
			name = Release;
		};
		FB91BFD12724898A007AA82D /* Debug */ = {
			isa = XCBuildConfiguration;
			buildSettings = {
				ALWAYS_EMBED_SWIFT_STANDARD_LIBRARIES = YES;
				BUNDLE_LOADER = "$(TEST_HOST)";
				CODE_SIGN_STYLE = Automatic;
				CURRENT_PROJECT_VERSION = 1;
				GENERATE_INFOPLIST_FILE = YES;
				IPHONEOS_DEPLOYMENT_TARGET = 15.0;
				LD_RUNPATH_SEARCH_PATHS = (
					"$(inherited)",
					"@executable_path/Frameworks",
					"@loader_path/Frameworks",
				);
				MARKETING_VERSION = 1.0;
				PRODUCT_BUNDLE_IDENTIFIER = "tuwaiq.ios.Knight-and-WizardTests";
				PRODUCT_NAME = "$(TARGET_NAME)";
				SWIFT_EMIT_LOC_STRINGS = NO;
				SWIFT_VERSION = 5.0;
				TARGETED_DEVICE_FAMILY = "1,2";
				TEST_HOST = "$(BUILT_PRODUCTS_DIR)/Knight and Wizard.app/Knight and Wizard";
			};
			name = Debug;
		};
		FB91BFD22724898A007AA82D /* Release */ = {
			isa = XCBuildConfiguration;
			buildSettings = {
				ALWAYS_EMBED_SWIFT_STANDARD_LIBRARIES = YES;
				BUNDLE_LOADER = "$(TEST_HOST)";
				CODE_SIGN_STYLE = Automatic;
				CURRENT_PROJECT_VERSION = 1;
				GENERATE_INFOPLIST_FILE = YES;
				IPHONEOS_DEPLOYMENT_TARGET = 15.0;
				LD_RUNPATH_SEARCH_PATHS = (
					"$(inherited)",
					"@executable_path/Frameworks",
					"@loader_path/Frameworks",
				);
				MARKETING_VERSION = 1.0;
				PRODUCT_BUNDLE_IDENTIFIER = "tuwaiq.ios.Knight-and-WizardTests";
				PRODUCT_NAME = "$(TARGET_NAME)";
				SWIFT_EMIT_LOC_STRINGS = NO;
				SWIFT_VERSION = 5.0;
				TARGETED_DEVICE_FAMILY = "1,2";
				TEST_HOST = "$(BUILT_PRODUCTS_DIR)/Knight and Wizard.app/Knight and Wizard";
			};
			name = Release;
		};
		FB91BFD42724898A007AA82D /* Debug */ = {
			isa = XCBuildConfiguration;
			buildSettings = {
				ALWAYS_EMBED_SWIFT_STANDARD_LIBRARIES = YES;
				CODE_SIGN_STYLE = Automatic;
				CURRENT_PROJECT_VERSION = 1;
				GENERATE_INFOPLIST_FILE = YES;
				LD_RUNPATH_SEARCH_PATHS = (
					"$(inherited)",
					"@executable_path/Frameworks",
					"@loader_path/Frameworks",
				);
				MARKETING_VERSION = 1.0;
				PRODUCT_BUNDLE_IDENTIFIER = "tuwaiq.ios.Knight-and-WizardUITests";
				PRODUCT_NAME = "$(TARGET_NAME)";
				SWIFT_EMIT_LOC_STRINGS = NO;
				SWIFT_VERSION = 5.0;
				TARGETED_DEVICE_FAMILY = "1,2";
				TEST_TARGET_NAME = "Knight and Wizard";
			};
			name = Debug;
		};
		FB91BFD52724898A007AA82D /* Release */ = {
			isa = XCBuildConfiguration;
			buildSettings = {
				ALWAYS_EMBED_SWIFT_STANDARD_LIBRARIES = YES;
				CODE_SIGN_STYLE = Automatic;
				CURRENT_PROJECT_VERSION = 1;
				GENERATE_INFOPLIST_FILE = YES;
				LD_RUNPATH_SEARCH_PATHS = (
					"$(inherited)",
					"@executable_path/Frameworks",
					"@loader_path/Frameworks",
				);
				MARKETING_VERSION = 1.0;
				PRODUCT_BUNDLE_IDENTIFIER = "tuwaiq.ios.Knight-and-WizardUITests";
				PRODUCT_NAME = "$(TARGET_NAME)";
				SWIFT_EMIT_LOC_STRINGS = NO;
				SWIFT_VERSION = 5.0;
				TARGETED_DEVICE_FAMILY = "1,2";
				TEST_TARGET_NAME = "Knight and Wizard";
			};
			name = Release;
		};
/* End XCBuildConfiguration section */

/* Begin XCConfigurationList section */
		FB91BF9E27248988007AA82D /* Build configuration list for PBXProject "Knight and Wizard" */ = {
			isa = XCConfigurationList;
			buildConfigurations = (
				FB91BFCB2724898A007AA82D /* Debug */,
				FB91BFCC2724898A007AA82D /* Release */,
			);
			defaultConfigurationIsVisible = 0;
			defaultConfigurationName = Release;
		};
		FB91BFCD2724898A007AA82D /* Build configuration list for PBXNativeTarget "Knight and Wizard" */ = {
			isa = XCConfigurationList;
			buildConfigurations = (
				FB91BFCE2724898A007AA82D /* Debug */,
				FB91BFCF2724898A007AA82D /* Release */,
			);
			defaultConfigurationIsVisible = 0;
			defaultConfigurationName = Release;
		};
		FB91BFD02724898A007AA82D /* Build configuration list for PBXNativeTarget "Knight and WizardTests" */ = {
			isa = XCConfigurationList;
			buildConfigurations = (
				FB91BFD12724898A007AA82D /* Debug */,
				FB91BFD22724898A007AA82D /* Release */,
			);
			defaultConfigurationIsVisible = 0;
			defaultConfigurationName = Release;
		};
		FB91BFD32724898A007AA82D /* Build configuration list for PBXNativeTarget "Knight and WizardUITests" */ = {
			isa = XCConfigurationList;
			buildConfigurations = (
				FB91BFD42724898A007AA82D /* Debug */,
				FB91BFD52724898A007AA82D /* Release */,
			);
			defaultConfigurationIsVisible = 0;
			defaultConfigurationName = Release;
		};
/* End XCConfigurationList section */
	};
	rootObject = FB91BF9B27248988007AA82D /* Project object */;
}
